// !$*UTF8*$!
{
	archiveVersion = 1;
	classes = {
	};
	objectVersion = 51;
	objects = {

/* Begin PBXBuildFile section */
		4BB37E4425E7B6F60043502F /* AppDelegate.m in Sources */ = {isa = PBXBuildFile; fileRef = 4BB37E4325E7B6F60043502F /* AppDelegate.m */; };
		4BB37E4725E7B6F60043502F /* SceneDelegate.m in Sources */ = {isa = PBXBuildFile; fileRef = 4BB37E4625E7B6F60043502F /* SceneDelegate.m */; };
		4BB37E4A25E7B6F60043502F /* ViewController.m in Sources */ = {isa = PBXBuildFile; fileRef = 4BB37E4925E7B6F60043502F /* ViewController.m */; };
		4BB37E4D25E7B6F60043502F /* Main.storyboard in Resources */ = {isa = PBXBuildFile; fileRef = 4BB37E4B25E7B6F60043502F /* Main.storyboard */; };
		4BB37E4F25E7B6F80043502F /* Assets.xcassets in Resources */ = {isa = PBXBuildFile; fileRef = 4BB37E4E25E7B6F80043502F /* Assets.xcassets */; };
		4BB37E5225E7B6F80043502F /* LaunchScreen.storyboard in Resources */ = {isa = PBXBuildFile; fileRef = 4BB37E5025E7B6F80043502F /* LaunchScreen.storyboard */; };
		4BB37E5525E7B6F80043502F /* main.m in Sources */ = {isa = PBXBuildFile; fileRef = 4BB37E5425E7B6F80043502F /* main.m */; };
		4BB37E6225E7B7990043502F /* Persion.m in Sources */ = {isa = PBXBuildFile; fileRef = 4BB37E6125E7B7990043502F /* Persion.m */; };
		6C9BA32F16F96F4DA6D3E605 /* Pods_Hook.framework in Frameworks */ = {isa = PBXBuildFile; fileRef = AF7C02B25F715ED9451D49D0 /* Pods_Hook.framework */; };
/* End PBXBuildFile section */

/* Begin PBXFileReference section */
		4BB37E3F25E7B6F60043502F /* Hook.app */ = {isa = PBXFileReference; explicitFileType = wrapper.application; includeInIndex = 0; path = Hook.app; sourceTree = BUILT_PRODUCTS_DIR; };
		4BB37E4225E7B6F60043502F /* AppDelegate.h */ = {isa = PBXFileReference; lastKnownFileType = sourcecode.c.h; path = AppDelegate.h; sourceTree = "<group>"; };
		4BB37E4325E7B6F60043502F /* AppDelegate.m */ = {isa = PBXFileReference; lastKnownFileType = sourcecode.c.objc; path = AppDelegate.m; sourceTree = "<group>"; };
		4BB37E4525E7B6F60043502F /* SceneDelegate.h */ = {isa = PBXFileReference; lastKnownFileType = sourcecode.c.h; path = SceneDelegate.h; sourceTree = "<group>"; };
		4BB37E4625E7B6F60043502F /* SceneDelegate.m */ = {isa = PBXFileReference; lastKnownFileType = sourcecode.c.objc; path = SceneDelegate.m; sourceTree = "<group>"; };
		4BB37E4825E7B6F60043502F /* ViewController.h */ = {isa = PBXFileReference; lastKnownFileType = sourcecode.c.h; path = ViewController.h; sourceTree = "<group>"; };
		4BB37E4925E7B6F60043502F /* ViewController.m */ = {isa = PBXFileReference; lastKnownFileType = sourcecode.c.objc; path = ViewController.m; sourceTree = "<group>"; };
		4BB37E4C25E7B6F60043502F /* Base */ = {isa = PBXFileReference; lastKnownFileType = file.storyboard; name = Base; path = Base.lproj/Main.storyboard; sourceTree = "<group>"; };
		4BB37E4E25E7B6F80043502F /* Assets.xcassets */ = {isa = PBXFileReference; lastKnownFileType = folder.assetcatalog; path = Assets.xcassets; sourceTree = "<group>"; };
		4BB37E5125E7B6F80043502F /* Base */ = {isa = PBXFileReference; lastKnownFileType = file.storyboard; name = Base; path = Base.lproj/LaunchScreen.storyboard; sourceTree = "<group>"; };
		4BB37E5325E7B6F80043502F /* Info.plist */ = {isa = PBXFileReference; lastKnownFileType = text.plist.xml; path = Info.plist; sourceTree = "<group>"; };
		4BB37E5425E7B6F80043502F /* main.m */ = {isa = PBXFileReference; lastKnownFileType = sourcecode.c.objc; path = main.m; sourceTree = "<group>"; };
		4BB37E6025E7B7990043502F /* Persion.h */ = {isa = PBXFileReference; lastKnownFileType = sourcecode.c.h; path = Persion.h; sourceTree = "<group>"; };
		4BB37E6125E7B7990043502F /* Persion.m */ = {isa = PBXFileReference; lastKnownFileType = sourcecode.c.objc; path = Persion.m; sourceTree = "<group>"; };
		94C4AA3FB583FABFA7DD26B5 /* Pods-Hook.debug.xcconfig */ = {isa = PBXFileReference; includeInIndex = 1; lastKnownFileType = text.xcconfig; name = "Pods-Hook.debug.xcconfig"; path = "Target Support Files/Pods-Hook/Pods-Hook.debug.xcconfig"; sourceTree = "<group>"; };
		AF7C02B25F715ED9451D49D0 /* Pods_Hook.framework */ = {isa = PBXFileReference; explicitFileType = wrapper.framework; includeInIndex = 0; path = Pods_Hook.framework; sourceTree = BUILT_PRODUCTS_DIR; };
		B090DE7D935369151CF4E3BE /* Pods-Hook.release.xcconfig */ = {isa = PBXFileReference; includeInIndex = 1; lastKnownFileType = text.xcconfig; name = "Pods-Hook.release.xcconfig"; path = "Target Support Files/Pods-Hook/Pods-Hook.release.xcconfig"; sourceTree = "<group>"; };
/* End PBXFileReference section */

/* Begin PBXFrameworksBuildPhase section */
		4BB37E3C25E7B6F60043502F /* Frameworks */ = {
			isa = PBXFrameworksBuildPhase;
			buildActionMask = 2147483647;
			files = (
				6C9BA32F16F96F4DA6D3E605 /* Pods_Hook.framework in Frameworks */,
			);
			runOnlyForDeploymentPostprocessing = 0;
		};
/* End PBXFrameworksBuildPhase section */

/* Begin PBXGroup section */
		4BB37E3625E7B6F60043502F = {
			isa = PBXGroup;
			children = (
				4BB37E4125E7B6F60043502F /* Hook */,
				4BB37E4025E7B6F60043502F /* Products */,
				EC830A14DB71962C313A5DB9 /* Pods */,
				C687B5AC623A531700F53BB2 /* Frameworks */,
			);
			sourceTree = "<group>";
		};
		4BB37E4025E7B6F60043502F /* Products */ = {
			isa = PBXGroup;
			children = (
				4BB37E3F25E7B6F60043502F /* Hook.app */,
			);
			name = Products;
			sourceTree = "<group>";
		};
		4BB37E4125E7B6F60043502F /* Hook */ = {
			isa = PBXGroup;
			children = (
				4BB37E4225E7B6F60043502F /* AppDelegate.h */,
				4BB37E4325E7B6F60043502F /* AppDelegate.m */,
				4BB37E4525E7B6F60043502F /* SceneDelegate.h */,
				4BB37E4625E7B6F60043502F /* SceneDelegate.m */,
				4BB37E4825E7B6F60043502F /* ViewController.h */,
				4BB37E4925E7B6F60043502F /* ViewController.m */,
				4BB37E4B25E7B6F60043502F /* Main.storyboard */,
				4BB37E4E25E7B6F80043502F /* Assets.xcassets */,
				4BB37E5025E7B6F80043502F /* LaunchScreen.storyboard */,
				4BB37E5325E7B6F80043502F /* Info.plist */,
				4BB37E5425E7B6F80043502F /* main.m */,
				4BB37E6025E7B7990043502F /* Persion.h */,
				4BB37E6125E7B7990043502F /* Persion.m */,
			);
			path = Hook;
			sourceTree = "<group>";
		};
		C687B5AC623A531700F53BB2 /* Frameworks */ = {
			isa = PBXGroup;
			children = (
				AF7C02B25F715ED9451D49D0 /* Pods_Hook.framework */,
			);
			name = Frameworks;
			sourceTree = "<group>";
		};
		EC830A14DB71962C313A5DB9 /* Pods */ = {
			isa = PBXGroup;
			children = (
				94C4AA3FB583FABFA7DD26B5 /* Pods-Hook.debug.xcconfig */,
				B090DE7D935369151CF4E3BE /* Pods-Hook.release.xcconfig */,
			);
			path = Pods;
			sourceTree = "<group>";
		};
/* End PBXGroup section */

/* Begin PBXNativeTarget section */
		4BB37E3E25E7B6F60043502F /* Hook */ = {
			isa = PBXNativeTarget;
			buildConfigurationList = 4BB37E5825E7B6F80043502F /* Build configuration list for PBXNativeTarget "Hook" */;
			buildPhases = (
				E90A864022F5AD464914460F /* [CP] Check Pods Manifest.lock */,
				4BB37E3B25E7B6F60043502F /* Sources */,
				4BB37E3C25E7B6F60043502F /* Frameworks */,
				4BB37E3D25E7B6F60043502F /* Resources */,
				64FF0386CBDB3CEDFF34528F /* [CP] Embed Pods Frameworks */,
			);
			buildRules = (
			);
			dependencies = (
			);
			name = Hook;
			productName = Hook;
			productReference = 4BB37E3F25E7B6F60043502F /* Hook.app */;
			productType = "com.apple.product-type.application";
		};
/* End PBXNativeTarget section */

/* Begin PBXProject section */
		4BB37E3725E7B6F60043502F /* Project object */ = {
			isa = PBXProject;
			attributes = {
				LastUpgradeCheck = 1200;
				TargetAttributes = {
					4BB37E3E25E7B6F60043502F = {
						CreatedOnToolsVersion = 12.0.1;
					};
				};
			};
			buildConfigurationList = 4BB37E3A25E7B6F60043502F /* Build configuration list for PBXProject "Hook" */;
			compatibilityVersion = "Xcode 9.3";
			developmentRegion = en;
			hasScannedForEncodings = 0;
			knownRegions = (
				en,
				Base,
			);
			mainGroup = 4BB37E3625E7B6F60043502F;
			productRefGroup = 4BB37E4025E7B6F60043502F /* Products */;
			projectDirPath = "";
			projectRoot = "";
			targets = (
				4BB37E3E25E7B6F60043502F /* Hook */,
			);
		};
/* End PBXProject section */

/* Begin PBXResourcesBuildPhase section */
		4BB37E3D25E7B6F60043502F /* Resources */ = {
			isa = PBXResourcesBuildPhase;
			buildActionMask = 2147483647;
			files = (
				4BB37E5225E7B6F80043502F /* LaunchScreen.storyboard in Resources */,
				4BB37E4F25E7B6F80043502F /* Assets.xcassets in Resources */,
				4BB37E4D25E7B6F60043502F /* Main.storyboard in Resources */,
			);
			runOnlyForDeploymentPostprocessing = 0;
		};
/* End PBXResourcesBuildPhase section */

/* Begin PBXShellScriptBuildPhase section */
		64FF0386CBDB3CEDFF34528F /* [CP] Embed Pods Frameworks */ = {
			isa = PBXShellScriptBuildPhase;
			buildActionMask = 2147483647;
			files = (
			);
			inputFileListPaths = (
				"${PODS_ROOT}/Target Support Files/Pods-Hook/Pods-Hook-frameworks-${CONFIGURATION}-input-files.xcfilelist",
			);
			name = "[CP] Embed Pods Frameworks";
			outputFileListPaths = (
				"${PODS_ROOT}/Target Support Files/Pods-Hook/Pods-Hook-frameworks-${CONFIGURATION}-output-files.xcfilelist",
			);
			runOnlyForDeploymentPostprocessing = 0;
			shellPath = /bin/sh;
			shellScript = "\"${PODS_ROOT}/Target Support Files/Pods-Hook/Pods-Hook-frameworks.sh\"\n";
			showEnvVarsInLog = 0;
		};
		E90A864022F5AD464914460F /* [CP] Check Pods Manifest.lock */ = {
			isa = PBXShellScriptBuildPhase;
			buildActionMask = 2147483647;
			files = (
			);
			inputFileListPaths = (
			);
			inputPaths = (
				"${PODS_PODFILE_DIR_PATH}/Podfile.lock",
				"${PODS_ROOT}/Manifest.lock",
			);
			name = "[CP] Check Pods Manifest.lock";
			outputFileListPaths = (
			);
			outputPaths = (
				"$(DERIVED_FILE_DIR)/Pods-Hook-checkManifestLockResult.txt",
			);
			runOnlyForDeploymentPostprocessing = 0;
			shellPath = /bin/sh;
			shellScript = "diff \"${PODS_PODFILE_DIR_PATH}/Podfile.lock\" \"${PODS_ROOT}/Manifest.lock\" > /dev/null\nif [ $? != 0 ] ; then\n    # print error to STDERR\n    echo \"error: The sandbox is not in sync with the Podfile.lock. Run 'pod install' or update your CocoaPods installation.\" >&2\n    exit 1\nfi\n# This output is used by Xcode 'outputs' to avoid re-running this script phase.\necho \"SUCCESS\" > \"${SCRIPT_OUTPUT_FILE_0}\"\n";
			showEnvVarsInLog = 0;
		};
/* End PBXShellScriptBuildPhase section */

/* Begin PBXSourcesBuildPhase section */
		4BB37E3B25E7B6F60043502F /* Sources */ = {
			isa = PBXSourcesBuildPhase;
			buildActionMask = 2147483647;
			files = (
				4BB37E4A25E7B6F60043502F /* ViewController.m in Sources */,
				4BB37E6225E7B7990043502F /* Persion.m in Sources */,
				4BB37E4425E7B6F60043502F /* AppDelegate.m in Sources */,
				4BB37E5525E7B6F80043502F /* main.m in Sources */,
				4BB37E4725E7B6F60043502F /* SceneDelegate.m in Sources */,
			);
			runOnlyForDeploymentPostprocessing = 0;
		};
/* End PBXSourcesBuildPhase section */

/* Begin PBXVariantGroup section */
		4BB37E4B25E7B6F60043502F /* Main.storyboard */ = {
			isa = PBXVariantGroup;
			children = (
				4BB37E4C25E7B6F60043502F /* Base */,
			);
			name = Main.storyboard;
			sourceTree = "<group>";
		};
		4BB37E5025E7B6F80043502F /* LaunchScreen.storyboard */ = {
			isa = PBXVariantGroup;
			children = (
				4BB37E5125E7B6F80043502F /* Base */,
			);
			name = LaunchScreen.storyboard;
			sourceTree = "<group>";
		};
/* End PBXVariantGroup section */

/* Begin XCBuildConfiguration section */
		4BB37E5625E7B6F80043502F /* Debug */ = {
			isa = XCBuildConfiguration;
			buildSettings = {
				ALWAYS_SEARCH_USER_PATHS = NO;
				CLANG_ANALYZER_NONNULL = YES;
				CLANG_ANALYZER_NUMBER_OBJECT_CONVERSION = YES_AGGRESSIVE;
				CLANG_CXX_LANGUAGE_STANDARD = "gnu++14";
				CLANG_CXX_LIBRARY = "libc++";
				CLANG_ENABLE_MODULES = YES;
				CLANG_ENABLE_OBJC_ARC = YES;
				CLANG_ENABLE_OBJC_WEAK = YES;
				CLANG_WARN_BLOCK_CAPTURE_AUTORELEASING = YES;
				CLANG_WARN_BOOL_CONVERSION = YES;
				CLANG_WARN_COMMA = YES;
				CLANG_WARN_CONSTANT_CONVERSION = YES;
				CLANG_WARN_DEPRECATED_OBJC_IMPLEMENTATIONS = YES;
				CLANG_WARN_DIRECT_OBJC_ISA_USAGE = YES_ERROR;
				CLANG_WARN_DOCUMENTATION_COMMENTS = YES;
				CLANG_WARN_EMPTY_BODY = YES;
				CLANG_WARN_ENUM_CONVERSION = YES;
				CLANG_WARN_INFINITE_RECURSION = YES;
				CLANG_WARN_INT_CONVERSION = YES;
				CLANG_WARN_NON_LITERAL_NULL_CONVERSION = YES;
				CLANG_WARN_OBJC_IMPLICIT_RETAIN_SELF = YES;
				CLANG_WARN_OBJC_LITERAL_CONVERSION = YES;
				CLANG_WARN_OBJC_ROOT_CLASS = YES_ERROR;
				CLANG_WARN_QUOTED_INCLUDE_IN_FRAMEWORK_HEADER = YES;
				CLANG_WARN_RANGE_LOOP_ANALYSIS = YES;
				CLANG_WARN_STRICT_PROTOTYPES = YES;
				CLANG_WARN_SUSPICIOUS_MOVE = YES;
				CLANG_WARN_UNGUARDED_AVAILABILITY = YES_AGGRESSIVE;
				CLANG_WARN_UNREACHABLE_CODE = YES;
				CLANG_WARN__DUPLICATE_METHOD_MATCH = YES;
				COPY_PHASE_STRIP = NO;
				DEBUG_INFORMATION_FORMAT = dwarf;
				ENABLE_STRICT_OBJC_MSGSEND = YES;
				ENABLE_TESTABILITY = YES;
				GCC_C_LANGUAGE_STANDARD = gnu11;
				GCC_DYNAMIC_NO_PIC = NO;
				GCC_NO_COMMON_BLOCKS = YES;
				GCC_OPTIMIZATION_LEVEL = 0;
				GCC_PREPROCESSOR_DEFINITIONS = (
					"DEBUG=1",
					"$(inherited)",
				);
				GCC_WARN_64_TO_32_BIT_CONVERSION = YES;
				GCC_WARN_ABOUT_RETURN_TYPE = YES_ERROR;
				GCC_WARN_UNDECLARED_SELECTOR = YES;
				GCC_WARN_UNINITIALIZED_AUTOS = YES_AGGRESSIVE;
				GCC_WARN_UNUSED_FUNCTION = YES;
				GCC_WARN_UNUSED_VARIABLE = YES;
				IPHONEOS_DEPLOYMENT_TARGET = 14.0;
				MTL_ENABLE_DEBUG_INFO = INCLUDE_SOURCE;
				MTL_FAST_MATH = YES;
				ONLY_ACTIVE_ARCH = YES;
				SDKROOT = iphoneos;
			};
			name = Debug;
		};
		4BB37E5725E7B6F80043502F /* Release */ = {
			isa = XCBuildConfiguration;
			buildSettings = {
				ALWAYS_SEARCH_USER_PATHS = NO;
				CLANG_ANALYZER_NONNULL = YES;
				CLANG_ANALYZER_NUMBER_OBJECT_CONVERSION = YES_AGGRESSIVE;
				CLANG_CXX_LANGUAGE_STANDARD = "gnu++14";
				CLANG_CXX_LIBRARY = "libc++";
				CLANG_ENABLE_MODULES = YES;
				CLANG_ENABLE_OBJC_ARC = YES;
				CLANG_ENABLE_OBJC_WEAK = YES;
				CLANG_WARN_BLOCK_CAPTURE_AUTORELEASING = YES;
				CLANG_WARN_BOOL_CONVERSION = YES;
				CLANG_WARN_COMMA = YES;
				CLANG_WARN_CONSTANT_CONVERSION = YES;
				CLANG_WARN_DEPRECATED_OBJC_IMPLEMENTATIONS = YES;
				CLANG_WARN_DIRECT_OBJC_ISA_USAGE = YES_ERROR;
				CLANG_WARN_DOCUMENTATION_COMMENTS = YES;
				CLANG_WARN_EMPTY_BODY = YES;
				CLANG_WARN_ENUM_CONVERSION = YES;
				CLANG_WARN_INFINITE_RECURSION = YES;
				CLANG_WARN_INT_CONVERSION = YES;
				CLANG_WARN_NON_LITERAL_NULL_CONVERSION = YES;
				CLANG_WARN_OBJC_IMPLICIT_RETAIN_SELF = YES;
				CLANG_WARN_OBJC_LITERAL_CONVERSION = YES;
				CLANG_WARN_OBJC_ROOT_CLASS = YES_ERROR;
				CLANG_WARN_QUOTED_INCLUDE_IN_FRAMEWORK_HEADER = YES;
				CLANG_WARN_RANGE_LOOP_ANALYSIS = YES;
				CLANG_WARN_STRICT_PROTOTYPES = YES;
				CLANG_WARN_SUSPICIOUS_MOVE = YES;
				CLANG_WARN_UNGUARDED_AVAILABILITY = YES_AGGRESSIVE;
				CLANG_WARN_UNREACHABLE_CODE = YES;
				CLANG_WARN__DUPLICATE_METHOD_MATCH = YES;
				COPY_PHASE_STRIP = NO;
				DEBUG_INFORMATION_FORMAT = "dwarf-with-dsym";
				ENABLE_NS_ASSERTIONS = NO;
				ENABLE_STRICT_OBJC_MSGSEND = YES;
				GCC_C_LANGUAGE_STANDARD = gnu11;
				GCC_NO_COMMON_BLOCKS = YES;
				GCC_WARN_64_TO_32_BIT_CONVERSION = YES;
				GCC_WARN_ABOUT_RETURN_TYPE = YES_ERROR;
				GCC_WARN_UNDECLARED_SELECTOR = YES;
				GCC_WARN_UNINITIALIZED_AUTOS = YES_AGGRESSIVE;
				GCC_WARN_UNUSED_FUNCTION = YES;
				GCC_WARN_UNUSED_VARIABLE = YES;
				IPHONEOS_DEPLOYMENT_TARGET = 14.0;
				MTL_ENABLE_DEBUG_INFO = NO;
				MTL_FAST_MATH = YES;
				SDKROOT = iphoneos;
				VALIDATE_PRODUCT = YES;
			};
			name = Release;
		};
		4BB37E5925E7B6F80043502F /* Debug */ = {
			isa = XCBuildConfiguration;
			baseConfigurationReference = 94C4AA3FB583FABFA7DD26B5 /* Pods-Hook.debug.xcconfig */;
			buildSettings = {
				ASSETCATALOG_COMPILER_APPICON_NAME = AppIcon;
				ASSETCATALOG_COMPILER_GLOBAL_ACCENT_COLOR_NAME = AccentColor;
				CODE_SIGN_STYLE = Automatic;
				DEVELOPMENT_TEAM = 573HY9F79B;
				INFOPLIST_FILE = Hook/Info.plist;
				LD_RUNPATH_SEARCH_PATHS = (
					"$(inherited)",
					"@executable_path/Frameworks",
				);
				PRODUCT_BUNDLE_IDENTIFIER = KK.Hook;
				PRODUCT_NAME = "$(TARGET_NAME)";
				TARGETED_DEVICE_FAMILY = "1,2";
			};
			name = Debug;
		};
		4BB37E5A25E7B6F80043502F /* Release */ = {
			isa = XCBuildConfiguration;
			baseConfigurationReference = B090DE7D935369151CF4E3BE /* Pods-Hook.release.xcconfig */;
			buildSettings = {
				ASSETCATALOG_COMPILER_APPICON_NAME = AppIcon;
				ASSETCATALOG_COMPILER_GLOBAL_ACCENT_COLOR_NAME = AccentColor;
				CODE_SIGN_STYLE = Automatic;
				DEVELOPMENT_TEAM = 573HY9F79B;
				INFOPLIST_FILE = Hook/Info.plist;
				LD_RUNPATH_SEARCH_PATHS = (
					"$(inherited)",
					"@executable_path/Frameworks",
				);
				PRODUCT_BUNDLE_IDENTIFIER = KK.Hook;
				PRODUCT_NAME = "$(TARGET_NAME)";
				TARGETED_DEVICE_FAMILY = "1,2";
			};
			name = Release;
		};
/* End XCBuildConfiguration section */

/* Begin XCConfigurationList section */
		4BB37E3A25E7B6F60043502F /* Build configuration list for PBXProject "Hook" */ = {
			isa = XCConfigurationList;
			buildConfigurations = (
				4BB37E5625E7B6F80043502F /* Debug */,
				4BB37E5725E7B6F80043502F /* Release */,
			);
			defaultConfigurationIsVisible = 0;
			defaultConfigurationName = Release;
		};
		4BB37E5825E7B6F80043502F /* Build configuration list for PBXNativeTarget "Hook" */ = {
			isa = XCConfigurationList;
			buildConfigurations = (
				4BB37E5925E7B6F80043502F /* Debug */,
				4BB37E5A25E7B6F80043502F /* Release */,
			);
			defaultConfigurationIsVisible = 0;
			defaultConfigurationName = Release;
		};
/* End XCConfigurationList section */
	};
	rootObject = 4BB37E3725E7B6F60043502F /* Project object */;
}
