// !$*UTF8*$!
{
	archiveVersion = 1;
	classes = {
	};
	objectVersion = 50;
	objects = {

/* Begin PBXBuildFile section */
		4B2F6B3F24ADD1470015A47E /* AppDelegate.m in Sources */ = {isa = PBXBuildFile; fileRef = 4B2F6B3E24ADD1470015A47E /* AppDelegate.m */; };
		4B2F6B4224ADD1470015A47E /* SceneDelegate.m in Sources */ = {isa = PBXBuildFile; fileRef = 4B2F6B4124ADD1470015A47E /* SceneDelegate.m */; };
		4B2F6B4524ADD1470015A47E /* ViewController.m in Sources */ = {isa = PBXBuildFile; fileRef = 4B2F6B4424ADD1470015A47E /* ViewController.m */; };
		4B2F6B4824ADD1470015A47E /* Main.storyboard in Resources */ = {isa = PBXBuildFile; fileRef = 4B2F6B4624ADD1470015A47E /* Main.storyboard */; };
		4B2F6B4A24ADD1480015A47E /* Assets.xcassets in Resources */ = {isa = PBXBuildFile; fileRef = 4B2F6B4924ADD1480015A47E /* Assets.xcassets */; };
		4B2F6B4D24ADD1480015A47E /* LaunchScreen.storyboard in Resources */ = {isa = PBXBuildFile; fileRef = 4B2F6B4B24ADD1480015A47E /* LaunchScreen.storyboard */; };
		4B2F6B5024ADD1480015A47E /* main.m in Sources */ = {isa = PBXBuildFile; fileRef = 4B2F6B4F24ADD1480015A47E /* main.m */; };
/* End PBXBuildFile section */

/* Begin PBXFileReference section */
		4B2F6B3A24ADD1470015A47E /* 3-dispatch_group.app */ = {isa = PBXFileReference; explicitFileType = wrapper.application; includeInIndex = 0; path = "3-dispatch_group.app"; sourceTree = BUILT_PRODUCTS_DIR; };
		4B2F6B3D24ADD1470015A47E /* AppDelegate.h */ = {isa = PBXFileReference; lastKnownFileType = sourcecode.c.h; path = AppDelegate.h; sourceTree = "<group>"; };
		4B2F6B3E24ADD1470015A47E /* AppDelegate.m */ = {isa = PBXFileReference; lastKnownFileType = sourcecode.c.objc; path = AppDelegate.m; sourceTree = "<group>"; };
		4B2F6B4024ADD1470015A47E /* SceneDelegate.h */ = {isa = PBXFileReference; lastKnownFileType = sourcecode.c.h; path = SceneDelegate.h; sourceTree = "<group>"; };
		4B2F6B4124ADD1470015A47E /* SceneDelegate.m */ = {isa = PBXFileReference; lastKnownFileType = sourcecode.c.objc; path = SceneDelegate.m; sourceTree = "<group>"; };
		4B2F6B4324ADD1470015A47E /* ViewController.h */ = {isa = PBXFileReference; lastKnownFileType = sourcecode.c.h; path = ViewController.h; sourceTree = "<group>"; };
		4B2F6B4424ADD1470015A47E /* ViewController.m */ = {isa = PBXFileReference; lastKnownFileType = sourcecode.c.objc; path = ViewController.m; sourceTree = "<group>"; };
		4B2F6B4724ADD1470015A47E /* Base */ = {isa = PBXFileReference; lastKnownFileType = file.storyboard; name = Base; path = Base.lproj/Main.storyboard; sourceTree = "<group>"; };
		4B2F6B4924ADD1480015A47E /* Assets.xcassets */ = {isa = PBXFileReference; lastKnownFileType = folder.assetcatalog; path = Assets.xcassets; sourceTree = "<group>"; };
		4B2F6B4C24ADD1480015A47E /* Base */ = {isa = PBXFileReference; lastKnownFileType = file.storyboard; name = Base; path = Base.lproj/LaunchScreen.storyboard; sourceTree = "<group>"; };
		4B2F6B4E24ADD1480015A47E /* Info.plist */ = {isa = PBXFileReference; lastKnownFileType = text.plist.xml; path = Info.plist; sourceTree = "<group>"; };
		4B2F6B4F24ADD1480015A47E /* main.m */ = {isa = PBXFileReference; lastKnownFileType = sourcecode.c.objc; path = main.m; sourceTree = "<group>"; };
/* End PBXFileReference section */

/* Begin PBXFrameworksBuildPhase section */
		4B2F6B3724ADD1470015A47E /* Frameworks */ = {
			isa = PBXFrameworksBuildPhase;
			buildActionMask = 2147483647;
			files = (
			);
			runOnlyForDeploymentPostprocessing = 0;
		};
/* End PBXFrameworksBuildPhase section */

/* Begin PBXGroup section */
		4B2F6B3124ADD1470015A47E = {
			isa = PBXGroup;
			children = (
				4B2F6B3C24ADD1470015A47E /* 3-dispatch_group */,
				4B2F6B3B24ADD1470015A47E /* Products */,
			);
			sourceTree = "<group>";
		};
		4B2F6B3B24ADD1470015A47E /* Products */ = {
			isa = PBXGroup;
			children = (
				4B2F6B3A24ADD1470015A47E /* 3-dispatch_group.app */,
			);
			name = Products;
			sourceTree = "<group>";
		};
		4B2F6B3C24ADD1470015A47E /* 3-dispatch_group */ = {
			isa = PBXGroup;
			children = (
				4B2F6B3D24ADD1470015A47E /* AppDelegate.h */,
				4B2F6B3E24ADD1470015A47E /* AppDelegate.m */,
				4B2F6B4024ADD1470015A47E /* SceneDelegate.h */,
				4B2F6B4124ADD1470015A47E /* SceneDelegate.m */,
				4B2F6B4324ADD1470015A47E /* ViewController.h */,
				4B2F6B4424ADD1470015A47E /* ViewController.m */,
				4B2F6B4624ADD1470015A47E /* Main.storyboard */,
				4B2F6B4924ADD1480015A47E /* Assets.xcassets */,
				4B2F6B4B24ADD1480015A47E /* LaunchScreen.storyboard */,
				4B2F6B4E24ADD1480015A47E /* Info.plist */,
				4B2F6B4F24ADD1480015A47E /* main.m */,
			);
			path = "3-dispatch_group";
			sourceTree = "<group>";
		};
/* End PBXGroup section */

/* Begin PBXNativeTarget section */
		4B2F6B3924ADD1470015A47E /* 3-dispatch_group */ = {
			isa = PBXNativeTarget;
			buildConfigurationList = 4B2F6B5324ADD1480015A47E /* Build configuration list for PBXNativeTarget "3-dispatch_group" */;
			buildPhases = (
				4B2F6B3624ADD1470015A47E /* Sources */,
				4B2F6B3724ADD1470015A47E /* Frameworks */,
				4B2F6B3824ADD1470015A47E /* Resources */,
			);
			buildRules = (
			);
			dependencies = (
			);
			name = "3-dispatch_group";
			productName = "3-dispatch_group";
			productReference = 4B2F6B3A24ADD1470015A47E /* 3-dispatch_group.app */;
			productType = "com.apple.product-type.application";
		};
/* End PBXNativeTarget section */

/* Begin PBXProject section */
		4B2F6B3224ADD1470015A47E /* Project object */ = {
			isa = PBXProject;
			attributes = {
				LastUpgradeCheck = 1150;
				ORGANIZATIONNAME = "金角大王";
				TargetAttributes = {
					4B2F6B3924ADD1470015A47E = {
						CreatedOnToolsVersion = 11.5;
					};
				};
			};
			buildConfigurationList = 4B2F6B3524ADD1470015A47E /* Build configuration list for PBXProject "3-dispatch_group" */;
			compatibilityVersion = "Xcode 9.3";
			developmentRegion = en;
			hasScannedForEncodings = 0;
			knownRegions = (
				en,
				Base,
			);
			mainGroup = 4B2F6B3124ADD1470015A47E;
			productRefGroup = 4B2F6B3B24ADD1470015A47E /* Products */;
			projectDirPath = "";
			projectRoot = "";
			targets = (
				4B2F6B3924ADD1470015A47E /* 3-dispatch_group */,
			);
		};
/* End PBXProject section */

/* Begin PBXResourcesBuildPhase section */
		4B2F6B3824ADD1470015A47E /* Resources */ = {
			isa = PBXResourcesBuildPhase;
			buildActionMask = 2147483647;
			files = (
				4B2F6B4D24ADD1480015A47E /* LaunchScreen.storyboard in Resources */,
				4B2F6B4A24ADD1480015A47E /* Assets.xcassets in Resources */,
				4B2F6B4824ADD1470015A47E /* Main.storyboard in Resources */,
			);
			runOnlyForDeploymentPostprocessing = 0;
		};
/* End PBXResourcesBuildPhase section */

/* Begin PBXSourcesBuildPhase section */
		4B2F6B3624ADD1470015A47E /* Sources */ = {
			isa = PBXSourcesBuildPhase;
			buildActionMask = 2147483647;
			files = (
				4B2F6B4524ADD1470015A47E /* ViewController.m in Sources */,
				4B2F6B3F24ADD1470015A47E /* AppDelegate.m in Sources */,
				4B2F6B5024ADD1480015A47E /* main.m in Sources */,
				4B2F6B4224ADD1470015A47E /* SceneDelegate.m in Sources */,
			);
			runOnlyForDeploymentPostprocessing = 0;
		};
/* End PBXSourcesBuildPhase section */

/* Begin PBXVariantGroup section */
		4B2F6B4624ADD1470015A47E /* Main.storyboard */ = {
			isa = PBXVariantGroup;
			children = (
				4B2F6B4724ADD1470015A47E /* Base */,
			);
			name = Main.storyboard;
			sourceTree = "<group>";
		};
		4B2F6B4B24ADD1480015A47E /* LaunchScreen.storyboard */ = {
			isa = PBXVariantGroup;
			children = (
				4B2F6B4C24ADD1480015A47E /* Base */,
			);
			name = LaunchScreen.storyboard;
			sourceTree = "<group>";
		};
/* End PBXVariantGroup section */

/* Begin XCBuildConfiguration section */
		4B2F6B5124ADD1480015A47E /* Debug */ = {
			isa = XCBuildConfiguration;
			buildSettings = {
				ALWAYS_SEARCH_USER_PATHS = NO;
				CLANG_ANALYZER_NONNULL = YES;
				CLANG_ANALYZER_NUMBER_OBJECT_CONVERSION = YES_AGGRESSIVE;
				CLANG_CXX_LANGUAGE_STANDARD = "gnu++14";
				CLANG_CXX_LIBRARY = "libc++";
				CLANG_ENABLE_MODULES = YES;
				CLANG_ENABLE_OBJC_ARC = YES;
				CLANG_ENABLE_OBJC_WEAK = YES;
				CLANG_WARN_BLOCK_CAPTURE_AUTORELEASING = YES;
				CLANG_WARN_BOOL_CONVERSION = YES;
				CLANG_WARN_COMMA = YES;
				CLANG_WARN_CONSTANT_CONVERSION = YES;
				CLANG_WARN_DEPRECATED_OBJC_IMPLEMENTATIONS = YES;
				CLANG_WARN_DIRECT_OBJC_ISA_USAGE = YES_ERROR;
				CLANG_WARN_DOCUMENTATION_COMMENTS = YES;
				CLANG_WARN_EMPTY_BODY = YES;
				CLANG_WARN_ENUM_CONVERSION = YES;
				CLANG_WARN_INFINITE_RECURSION = YES;
				CLANG_WARN_INT_CONVERSION = YES;
				CLANG_WARN_NON_LITERAL_NULL_CONVERSION = YES;
				CLANG_WARN_OBJC_IMPLICIT_RETAIN_SELF = YES;
				CLANG_WARN_OBJC_LITERAL_CONVERSION = YES;
				CLANG_WARN_OBJC_ROOT_CLASS = YES_ERROR;
				CLANG_WARN_RANGE_LOOP_ANALYSIS = YES;
				CLANG_WARN_STRICT_PROTOTYPES = YES;
				CLANG_WARN_SUSPICIOUS_MOVE = YES;
				CLANG_WARN_UNGUARDED_AVAILABILITY = YES_AGGRESSIVE;
				CLANG_WARN_UNREACHABLE_CODE = YES;
				CLANG_WARN__DUPLICATE_METHOD_MATCH = YES;
				COPY_PHASE_STRIP = NO;
				DEBUG_INFORMATION_FORMAT = dwarf;
				ENABLE_STRICT_OBJC_MSGSEND = YES;
				ENABLE_TESTABILITY = YES;
				GCC_C_LANGUAGE_STANDARD = gnu11;
				GCC_DYNAMIC_NO_PIC = NO;
				GCC_NO_COMMON_BLOCKS = YES;
				GCC_OPTIMIZATION_LEVEL = 0;
				GCC_PREPROCESSOR_DEFINITIONS = (
					"DEBUG=1",
					"$(inherited)",
				);
				GCC_WARN_64_TO_32_BIT_CONVERSION = YES;
				GCC_WARN_ABOUT_RETURN_TYPE = YES_ERROR;
				GCC_WARN_UNDECLARED_SELECTOR = YES;
				GCC_WARN_UNINITIALIZED_AUTOS = YES_AGGRESSIVE;
				GCC_WARN_UNUSED_FUNCTION = YES;
				GCC_WARN_UNUSED_VARIABLE = YES;
				IPHONEOS_DEPLOYMENT_TARGET = 13.5;
				MTL_ENABLE_DEBUG_INFO = INCLUDE_SOURCE;
				MTL_FAST_MATH = YES;
				ONLY_ACTIVE_ARCH = YES;
				SDKROOT = iphoneos;
			};
			name = Debug;
		};
		4B2F6B5224ADD1480015A47E /* Release */ = {
			isa = XCBuildConfiguration;
			buildSettings = {
				ALWAYS_SEARCH_USER_PATHS = NO;
				CLANG_ANALYZER_NONNULL = YES;
				CLANG_ANALYZER_NUMBER_OBJECT_CONVERSION = YES_AGGRESSIVE;
				CLANG_CXX_LANGUAGE_STANDARD = "gnu++14";
				CLANG_CXX_LIBRARY = "libc++";
				CLANG_ENABLE_MODULES = YES;
				CLANG_ENABLE_OBJC_ARC = YES;
				CLANG_ENABLE_OBJC_WEAK = YES;
				CLANG_WARN_BLOCK_CAPTURE_AUTORELEASING = YES;
				CLANG_WARN_BOOL_CONVERSION = YES;
				CLANG_WARN_COMMA = YES;
				CLANG_WARN_CONSTANT_CONVERSION = YES;
				CLANG_WARN_DEPRECATED_OBJC_IMPLEMENTATIONS = YES;
				CLANG_WARN_DIRECT_OBJC_ISA_USAGE = YES_ERROR;
				CLANG_WARN_DOCUMENTATION_COMMENTS = YES;
				CLANG_WARN_EMPTY_BODY = YES;
				CLANG_WARN_ENUM_CONVERSION = YES;
				CLANG_WARN_INFINITE_RECURSION = YES;
				CLANG_WARN_INT_CONVERSION = YES;
				CLANG_WARN_NON_LITERAL_NULL_CONVERSION = YES;
				CLANG_WARN_OBJC_IMPLICIT_RETAIN_SELF = YES;
				CLANG_WARN_OBJC_LITERAL_CONVERSION = YES;
				CLANG_WARN_OBJC_ROOT_CLASS = YES_ERROR;
				CLANG_WARN_RANGE_LOOP_ANALYSIS = YES;
				CLANG_WARN_STRICT_PROTOTYPES = YES;
				CLANG_WARN_SUSPICIOUS_MOVE = YES;
				CLANG_WARN_UNGUARDED_AVAILABILITY = YES_AGGRESSIVE;
				CLANG_WARN_UNREACHABLE_CODE = YES;
				CLANG_WARN__DUPLICATE_METHOD_MATCH = YES;
				COPY_PHASE_STRIP = NO;
				DEBUG_INFORMATION_FORMAT = "dwarf-with-dsym";
				ENABLE_NS_ASSERTIONS = NO;
				ENABLE_STRICT_OBJC_MSGSEND = YES;
				GCC_C_LANGUAGE_STANDARD = gnu11;
				GCC_NO_COMMON_BLOCKS = YES;
				GCC_WARN_64_TO_32_BIT_CONVERSION = YES;
				GCC_WARN_ABOUT_RETURN_TYPE = YES_ERROR;
				GCC_WARN_UNDECLARED_SELECTOR = YES;
				GCC_WARN_UNINITIALIZED_AUTOS = YES_AGGRESSIVE;
				GCC_WARN_UNUSED_FUNCTION = YES;
				GCC_WARN_UNUSED_VARIABLE = YES;
				IPHONEOS_DEPLOYMENT_TARGET = 13.5;
				MTL_ENABLE_DEBUG_INFO = NO;
				MTL_FAST_MATH = YES;
				SDKROOT = iphoneos;
				VALIDATE_PRODUCT = YES;
			};
			name = Release;
		};
		4B2F6B5424ADD1480015A47E /* Debug */ = {
			isa = XCBuildConfiguration;
			buildSettings = {
				ASSETCATALOG_COMPILER_APPICON_NAME = AppIcon;
				CODE_SIGN_STYLE = Automatic;
				DEVELOPMENT_TEAM = 573HY9F79B;
				INFOPLIST_FILE = "3-dispatch_group/Info.plist";
				LD_RUNPATH_SEARCH_PATHS = (
					"$(inherited)",
					"@executable_path/Frameworks",
				);
				PRODUCT_BUNDLE_IDENTIFIER = "com.kk.--dispatch-group";
				PRODUCT_NAME = "$(TARGET_NAME)";
				TARGETED_DEVICE_FAMILY = "1,2";
			};
			name = Debug;
		};
		4B2F6B5524ADD1480015A47E /* Release */ = {
			isa = XCBuildConfiguration;
			buildSettings = {
				ASSETCATALOG_COMPILER_APPICON_NAME = AppIcon;
				CODE_SIGN_STYLE = Automatic;
				DEVELOPMENT_TEAM = 573HY9F79B;
				INFOPLIST_FILE = "3-dispatch_group/Info.plist";
				LD_RUNPATH_SEARCH_PATHS = (
					"$(inherited)",
					"@executable_path/Frameworks",
				);
				PRODUCT_BUNDLE_IDENTIFIER = "com.kk.--dispatch-group";
				PRODUCT_NAME = "$(TARGET_NAME)";
				TARGETED_DEVICE_FAMILY = "1,2";
			};
			name = Release;
		};
/* End XCBuildConfiguration section */

/* Begin XCConfigurationList section */
		4B2F6B3524ADD1470015A47E /* Build configuration list for PBXProject "3-dispatch_group" */ = {
			isa = XCConfigurationList;
			buildConfigurations = (
				4B2F6B5124ADD1480015A47E /* Debug */,
				4B2F6B5224ADD1480015A47E /* Release */,
			);
			defaultConfigurationIsVisible = 0;
			defaultConfigurationName = Release;
		};
		4B2F6B5324ADD1480015A47E /* Build configuration list for PBXNativeTarget "3-dispatch_group" */ = {
			isa = XCConfigurationList;
			buildConfigurations = (
				4B2F6B5424ADD1480015A47E /* Debug */,
				4B2F6B5524ADD1480015A47E /* Release */,
			);
			defaultConfigurationIsVisible = 0;
			defaultConfigurationName = Release;
		};
/* End XCConfigurationList section */
	};
	rootObject = 4B2F6B3224ADD1470015A47E /* Project object */;
}
