// !$*UTF8*$!
{
	archiveVersion = 1;
	classes = {
	};
	objectVersion = 50;
	objects = {

/* Begin PBXBuildFile section */
		AEAAE90B25F0BEEA007D1FE8 /* AppDelegate.m in Sources */ = {isa = PBXBuildFile; fileRef = AEAAE90A25F0BEEA007D1FE8 /* AppDelegate.m */; };
		AEAAE90E25F0BEEA007D1FE8 /* SceneDelegate.m in Sources */ = {isa = PBXBuildFile; fileRef = AEAAE90D25F0BEEA007D1FE8 /* SceneDelegate.m */; };
		AEAAE91125F0BEEA007D1FE8 /* ViewController.m in Sources */ = {isa = PBXBuildFile; fileRef = AEAAE91025F0BEEA007D1FE8 /* ViewController.m */; };
		AEAAE91425F0BEEA007D1FE8 /* Main.storyboard in Resources */ = {isa = PBXBuildFile; fileRef = AEAAE91225F0BEEA007D1FE8 /* Main.storyboard */; };
		AEAAE91625F0BEEA007D1FE8 /* Assets.xcassets in Resources */ = {isa = PBXBuildFile; fileRef = AEAAE91525F0BEEA007D1FE8 /* Assets.xcassets */; };
		AEAAE91925F0BEEA007D1FE8 /* LaunchScreen.storyboard in Resources */ = {isa = PBXBuildFile; fileRef = AEAAE91725F0BEEA007D1FE8 /* LaunchScreen.storyboard */; };
		AEAAE91C25F0BEEA007D1FE8 /* main.m in Sources */ = {isa = PBXBuildFile; fileRef = AEAAE91B25F0BEEA007D1FE8 /* main.m */; };
		AEAAE92525F0BF0B007D1FE8 /* CustomView.m in Sources */ = {isa = PBXBuildFile; fileRef = AEAAE92425F0BF0B007D1FE8 /* CustomView.m */; };
/* End PBXBuildFile section */

/* Begin PBXFileReference section */
		AEAAE90625F0BEE9007D1FE8 /* CustomView.app */ = {isa = PBXFileReference; explicitFileType = wrapper.application; includeInIndex = 0; path = CustomView.app; sourceTree = BUILT_PRODUCTS_DIR; };
		AEAAE90925F0BEEA007D1FE8 /* AppDelegate.h */ = {isa = PBXFileReference; lastKnownFileType = sourcecode.c.h; path = AppDelegate.h; sourceTree = "<group>"; };
		AEAAE90A25F0BEEA007D1FE8 /* AppDelegate.m */ = {isa = PBXFileReference; lastKnownFileType = sourcecode.c.objc; path = AppDelegate.m; sourceTree = "<group>"; };
		AEAAE90C25F0BEEA007D1FE8 /* SceneDelegate.h */ = {isa = PBXFileReference; lastKnownFileType = sourcecode.c.h; path = SceneDelegate.h; sourceTree = "<group>"; };
		AEAAE90D25F0BEEA007D1FE8 /* SceneDelegate.m */ = {isa = PBXFileReference; lastKnownFileType = sourcecode.c.objc; path = SceneDelegate.m; sourceTree = "<group>"; };
		AEAAE90F25F0BEEA007D1FE8 /* ViewController.h */ = {isa = PBXFileReference; lastKnownFileType = sourcecode.c.h; path = ViewController.h; sourceTree = "<group>"; };
		AEAAE91025F0BEEA007D1FE8 /* ViewController.m */ = {isa = PBXFileReference; lastKnownFileType = sourcecode.c.objc; path = ViewController.m; sourceTree = "<group>"; };
		AEAAE91325F0BEEA007D1FE8 /* Base */ = {isa = PBXFileReference; lastKnownFileType = file.storyboard; name = Base; path = Base.lproj/Main.storyboard; sourceTree = "<group>"; };
		AEAAE91525F0BEEA007D1FE8 /* Assets.xcassets */ = {isa = PBXFileReference; lastKnownFileType = folder.assetcatalog; path = Assets.xcassets; sourceTree = "<group>"; };
		AEAAE91825F0BEEA007D1FE8 /* Base */ = {isa = PBXFileReference; lastKnownFileType = file.storyboard; name = Base; path = Base.lproj/LaunchScreen.storyboard; sourceTree = "<group>"; };
		AEAAE91A25F0BEEA007D1FE8 /* Info.plist */ = {isa = PBXFileReference; lastKnownFileType = text.plist.xml; path = Info.plist; sourceTree = "<group>"; };
		AEAAE91B25F0BEEA007D1FE8 /* main.m */ = {isa = PBXFileReference; lastKnownFileType = sourcecode.c.objc; path = main.m; sourceTree = "<group>"; };
		AEAAE92325F0BF0B007D1FE8 /* CustomView.h */ = {isa = PBXFileReference; lastKnownFileType = sourcecode.c.h; path = CustomView.h; sourceTree = "<group>"; };
		AEAAE92425F0BF0B007D1FE8 /* CustomView.m */ = {isa = PBXFileReference; lastKnownFileType = sourcecode.c.objc; path = CustomView.m; sourceTree = "<group>"; };
/* End PBXFileReference section */

/* Begin PBXFrameworksBuildPhase section */
		AEAAE90325F0BEE9007D1FE8 /* Frameworks */ = {
			isa = PBXFrameworksBuildPhase;
			buildActionMask = 2147483647;
			files = (
			);
			runOnlyForDeploymentPostprocessing = 0;
		};
/* End PBXFrameworksBuildPhase section */

/* Begin PBXGroup section */
		AEAAE8FD25F0BEE9007D1FE8 = {
			isa = PBXGroup;
			children = (
				AEAAE90825F0BEE9007D1FE8 /* CustomView */,
				AEAAE90725F0BEE9007D1FE8 /* Products */,
			);
			sourceTree = "<group>";
		};
		AEAAE90725F0BEE9007D1FE8 /* Products */ = {
			isa = PBXGroup;
			children = (
				AEAAE90625F0BEE9007D1FE8 /* CustomView.app */,
			);
			name = Products;
			sourceTree = "<group>";
		};
		AEAAE90825F0BEE9007D1FE8 /* CustomView */ = {
			isa = PBXGroup;
			children = (
				AEAAE90925F0BEEA007D1FE8 /* AppDelegate.h */,
				AEAAE90A25F0BEEA007D1FE8 /* AppDelegate.m */,
				AEAAE90C25F0BEEA007D1FE8 /* SceneDelegate.h */,
				AEAAE90D25F0BEEA007D1FE8 /* SceneDelegate.m */,
				AEAAE90F25F0BEEA007D1FE8 /* ViewController.h */,
				AEAAE91025F0BEEA007D1FE8 /* ViewController.m */,
				AEAAE91225F0BEEA007D1FE8 /* Main.storyboard */,
				AEAAE91525F0BEEA007D1FE8 /* Assets.xcassets */,
				AEAAE91725F0BEEA007D1FE8 /* LaunchScreen.storyboard */,
				AEAAE91A25F0BEEA007D1FE8 /* Info.plist */,
				AEAAE91B25F0BEEA007D1FE8 /* main.m */,
				AEAAE92325F0BF0B007D1FE8 /* CustomView.h */,
				AEAAE92425F0BF0B007D1FE8 /* CustomView.m */,
			);
			path = CustomView;
			sourceTree = "<group>";
		};
/* End PBXGroup section */

/* Begin PBXNativeTarget section */
		AEAAE90525F0BEE9007D1FE8 /* CustomView */ = {
			isa = PBXNativeTarget;
			buildConfigurationList = AEAAE91F25F0BEEA007D1FE8 /* Build configuration list for PBXNativeTarget "CustomView" */;
			buildPhases = (
				AEAAE90225F0BEE9007D1FE8 /* Sources */,
				AEAAE90325F0BEE9007D1FE8 /* Frameworks */,
				AEAAE90425F0BEE9007D1FE8 /* Resources */,
			);
			buildRules = (
			);
			dependencies = (
			);
			name = CustomView;
			productName = CustomView;
			productReference = AEAAE90625F0BEE9007D1FE8 /* CustomView.app */;
			productType = "com.apple.product-type.application";
		};
/* End PBXNativeTarget section */

/* Begin PBXProject section */
		AEAAE8FE25F0BEE9007D1FE8 /* Project object */ = {
			isa = PBXProject;
			attributes = {
				LastUpgradeCheck = 1200;
				TargetAttributes = {
					AEAAE90525F0BEE9007D1FE8 = {
						CreatedOnToolsVersion = 12.0.1;
					};
				};
			};
			buildConfigurationList = AEAAE90125F0BEE9007D1FE8 /* Build configuration list for PBXProject "CustomView" */;
			compatibilityVersion = "Xcode 9.3";
			developmentRegion = en;
			hasScannedForEncodings = 0;
			knownRegions = (
				en,
				Base,
			);
			mainGroup = AEAAE8FD25F0BEE9007D1FE8;
			productRefGroup = AEAAE90725F0BEE9007D1FE8 /* Products */;
			projectDirPath = "";
			projectRoot = "";
			targets = (
				AEAAE90525F0BEE9007D1FE8 /* CustomView */,
			);
		};
/* End PBXProject section */

/* Begin PBXResourcesBuildPhase section */
		AEAAE90425F0BEE9007D1FE8 /* Resources */ = {
			isa = PBXResourcesBuildPhase;
			buildActionMask = 2147483647;
			files = (
				AEAAE91925F0BEEA007D1FE8 /* LaunchScreen.storyboard in Resources */,
				AEAAE91625F0BEEA007D1FE8 /* Assets.xcassets in Resources */,
				AEAAE91425F0BEEA007D1FE8 /* Main.storyboard in Resources */,
			);
			runOnlyForDeploymentPostprocessing = 0;
		};
/* End PBXResourcesBuildPhase section */

/* Begin PBXSourcesBuildPhase section */
		AEAAE90225F0BEE9007D1FE8 /* Sources */ = {
			isa = PBXSourcesBuildPhase;
			buildActionMask = 2147483647;
			files = (
				AEAAE92525F0BF0B007D1FE8 /* CustomView.m in Sources */,
				AEAAE91125F0BEEA007D1FE8 /* ViewController.m in Sources */,
				AEAAE90B25F0BEEA007D1FE8 /* AppDelegate.m in Sources */,
				AEAAE91C25F0BEEA007D1FE8 /* main.m in Sources */,
				AEAAE90E25F0BEEA007D1FE8 /* SceneDelegate.m in Sources */,
			);
			runOnlyForDeploymentPostprocessing = 0;
		};
/* End PBXSourcesBuildPhase section */

/* Begin PBXVariantGroup section */
		AEAAE91225F0BEEA007D1FE8 /* Main.storyboard */ = {
			isa = PBXVariantGroup;
			children = (
				AEAAE91325F0BEEA007D1FE8 /* Base */,
			);
			name = Main.storyboard;
			sourceTree = "<group>";
		};
		AEAAE91725F0BEEA007D1FE8 /* LaunchScreen.storyboard */ = {
			isa = PBXVariantGroup;
			children = (
				AEAAE91825F0BEEA007D1FE8 /* Base */,
			);
			name = LaunchScreen.storyboard;
			sourceTree = "<group>";
		};
/* End PBXVariantGroup section */

/* Begin XCBuildConfiguration section */
		AEAAE91D25F0BEEA007D1FE8 /* Debug */ = {
			isa = XCBuildConfiguration;
			buildSettings = {
				ALWAYS_SEARCH_USER_PATHS = NO;
				CLANG_ANALYZER_NONNULL = YES;
				CLANG_ANALYZER_NUMBER_OBJECT_CONVERSION = YES_AGGRESSIVE;
				CLANG_CXX_LANGUAGE_STANDARD = "gnu++14";
				CLANG_CXX_LIBRARY = "libc++";
				CLANG_ENABLE_MODULES = YES;
				CLANG_ENABLE_OBJC_ARC = YES;
				CLANG_ENABLE_OBJC_WEAK = YES;
				CLANG_WARN_BLOCK_CAPTURE_AUTORELEASING = YES;
				CLANG_WARN_BOOL_CONVERSION = YES;
				CLANG_WARN_COMMA = YES;
				CLANG_WARN_CONSTANT_CONVERSION = YES;
				CLANG_WARN_DEPRECATED_OBJC_IMPLEMENTATIONS = YES;
				CLANG_WARN_DIRECT_OBJC_ISA_USAGE = YES_ERROR;
				CLANG_WARN_DOCUMENTATION_COMMENTS = YES;
				CLANG_WARN_EMPTY_BODY = YES;
				CLANG_WARN_ENUM_CONVERSION = YES;
				CLANG_WARN_INFINITE_RECURSION = YES;
				CLANG_WARN_INT_CONVERSION = YES;
				CLANG_WARN_NON_LITERAL_NULL_CONVERSION = YES;
				CLANG_WARN_OBJC_IMPLICIT_RETAIN_SELF = YES;
				CLANG_WARN_OBJC_LITERAL_CONVERSION = YES;
				CLANG_WARN_OBJC_ROOT_CLASS = YES_ERROR;
				CLANG_WARN_QUOTED_INCLUDE_IN_FRAMEWORK_HEADER = YES;
				CLANG_WARN_RANGE_LOOP_ANALYSIS = YES;
				CLANG_WARN_STRICT_PROTOTYPES = YES;
				CLANG_WARN_SUSPICIOUS_MOVE = YES;
				CLANG_WARN_UNGUARDED_AVAILABILITY = YES_AGGRESSIVE;
				CLANG_WARN_UNREACHABLE_CODE = YES;
				CLANG_WARN__DUPLICATE_METHOD_MATCH = YES;
				COPY_PHASE_STRIP = NO;
				DEBUG_INFORMATION_FORMAT = dwarf;
				ENABLE_STRICT_OBJC_MSGSEND = YES;
				ENABLE_TESTABILITY = YES;
				GCC_C_LANGUAGE_STANDARD = gnu11;
				GCC_DYNAMIC_NO_PIC = NO;
				GCC_NO_COMMON_BLOCKS = YES;
				GCC_OPTIMIZATION_LEVEL = 0;
				GCC_PREPROCESSOR_DEFINITIONS = (
					"DEBUG=1",
					"$(inherited)",
				);
				GCC_WARN_64_TO_32_BIT_CONVERSION = YES;
				GCC_WARN_ABOUT_RETURN_TYPE = YES_ERROR;
				GCC_WARN_UNDECLARED_SELECTOR = YES;
				GCC_WARN_UNINITIALIZED_AUTOS = YES_AGGRESSIVE;
				GCC_WARN_UNUSED_FUNCTION = YES;
				GCC_WARN_UNUSED_VARIABLE = YES;
				IPHONEOS_DEPLOYMENT_TARGET = 14.0;
				MTL_ENABLE_DEBUG_INFO = INCLUDE_SOURCE;
				MTL_FAST_MATH = YES;
				ONLY_ACTIVE_ARCH = YES;
				SDKROOT = iphoneos;
			};
			name = Debug;
		};
		AEAAE91E25F0BEEA007D1FE8 /* Release */ = {
			isa = XCBuildConfiguration;
			buildSettings = {
				ALWAYS_SEARCH_USER_PATHS = NO;
				CLANG_ANALYZER_NONNULL = YES;
				CLANG_ANALYZER_NUMBER_OBJECT_CONVERSION = YES_AGGRESSIVE;
				CLANG_CXX_LANGUAGE_STANDARD = "gnu++14";
				CLANG_CXX_LIBRARY = "libc++";
				CLANG_ENABLE_MODULES = YES;
				CLANG_ENABLE_OBJC_ARC = YES;
				CLANG_ENABLE_OBJC_WEAK = YES;
				CLANG_WARN_BLOCK_CAPTURE_AUTORELEASING = YES;
				CLANG_WARN_BOOL_CONVERSION = YES;
				CLANG_WARN_COMMA = YES;
				CLANG_WARN_CONSTANT_CONVERSION = YES;
				CLANG_WARN_DEPRECATED_OBJC_IMPLEMENTATIONS = YES;
				CLANG_WARN_DIRECT_OBJC_ISA_USAGE = YES_ERROR;
				CLANG_WARN_DOCUMENTATION_COMMENTS = YES;
				CLANG_WARN_EMPTY_BODY = YES;
				CLANG_WARN_ENUM_CONVERSION = YES;
				CLANG_WARN_INFINITE_RECURSION = YES;
				CLANG_WARN_INT_CONVERSION = YES;
				CLANG_WARN_NON_LITERAL_NULL_CONVERSION = YES;
				CLANG_WARN_OBJC_IMPLICIT_RETAIN_SELF = YES;
				CLANG_WARN_OBJC_LITERAL_CONVERSION = YES;
				CLANG_WARN_OBJC_ROOT_CLASS = YES_ERROR;
				CLANG_WARN_QUOTED_INCLUDE_IN_FRAMEWORK_HEADER = YES;
				CLANG_WARN_RANGE_LOOP_ANALYSIS = YES;
				CLANG_WARN_STRICT_PROTOTYPES = YES;
				CLANG_WARN_SUSPICIOUS_MOVE = YES;
				CLANG_WARN_UNGUARDED_AVAILABILITY = YES_AGGRESSIVE;
				CLANG_WARN_UNREACHABLE_CODE = YES;
				CLANG_WARN__DUPLICATE_METHOD_MATCH = YES;
				COPY_PHASE_STRIP = NO;
				DEBUG_INFORMATION_FORMAT = "dwarf-with-dsym";
				ENABLE_NS_ASSERTIONS = NO;
				ENABLE_STRICT_OBJC_MSGSEND = YES;
				GCC_C_LANGUAGE_STANDARD = gnu11;
				GCC_NO_COMMON_BLOCKS = YES;
				GCC_WARN_64_TO_32_BIT_CONVERSION = YES;
				GCC_WARN_ABOUT_RETURN_TYPE = YES_ERROR;
				GCC_WARN_UNDECLARED_SELECTOR = YES;
				GCC_WARN_UNINITIALIZED_AUTOS = YES_AGGRESSIVE;
				GCC_WARN_UNUSED_FUNCTION = YES;
				GCC_WARN_UNUSED_VARIABLE = YES;
				IPHONEOS_DEPLOYMENT_TARGET = 14.0;
				MTL_ENABLE_DEBUG_INFO = NO;
				MTL_FAST_MATH = YES;
				SDKROOT = iphoneos;
				VALIDATE_PRODUCT = YES;
			};
			name = Release;
		};
		AEAAE92025F0BEEA007D1FE8 /* Debug */ = {
			isa = XCBuildConfiguration;
			buildSettings = {
				ASSETCATALOG_COMPILER_APPICON_NAME = AppIcon;
				ASSETCATALOG_COMPILER_GLOBAL_ACCENT_COLOR_NAME = AccentColor;
				CODE_SIGN_STYLE = Automatic;
				DEVELOPMENT_TEAM = 573HY9F79B;
				INFOPLIST_FILE = CustomView/Info.plist;
				LD_RUNPATH_SEARCH_PATHS = (
					"$(inherited)",
					"@executable_path/Frameworks",
				);
				PRODUCT_BUNDLE_IDENTIFIER = com.kk.CustomView;
				PRODUCT_NAME = "$(TARGET_NAME)";
				TARGETED_DEVICE_FAMILY = "1,2";
			};
			name = Debug;
		};
		AEAAE92125F0BEEA007D1FE8 /* Release */ = {
			isa = XCBuildConfiguration;
			buildSettings = {
				ASSETCATALOG_COMPILER_APPICON_NAME = AppIcon;
				ASSETCATALOG_COMPILER_GLOBAL_ACCENT_COLOR_NAME = AccentColor;
				CODE_SIGN_STYLE = Automatic;
				DEVELOPMENT_TEAM = 573HY9F79B;
				INFOPLIST_FILE = CustomView/Info.plist;
				LD_RUNPATH_SEARCH_PATHS = (
					"$(inherited)",
					"@executable_path/Frameworks",
				);
				PRODUCT_BUNDLE_IDENTIFIER = com.kk.CustomView;
				PRODUCT_NAME = "$(TARGET_NAME)";
				TARGETED_DEVICE_FAMILY = "1,2";
			};
			name = Release;
		};
/* End XCBuildConfiguration section */

/* Begin XCConfigurationList section */
		AEAAE90125F0BEE9007D1FE8 /* Build configuration list for PBXProject "CustomView" */ = {
			isa = XCConfigurationList;
			buildConfigurations = (
				AEAAE91D25F0BEEA007D1FE8 /* Debug */,
				AEAAE91E25F0BEEA007D1FE8 /* Release */,
			);
			defaultConfigurationIsVisible = 0;
			defaultConfigurationName = Release;
		};
		AEAAE91F25F0BEEA007D1FE8 /* Build configuration list for PBXNativeTarget "CustomView" */ = {
			isa = XCConfigurationList;
			buildConfigurations = (
				AEAAE92025F0BEEA007D1FE8 /* Debug */,
				AEAAE92125F0BEEA007D1FE8 /* Release */,
			);
			defaultConfigurationIsVisible = 0;
			defaultConfigurationName = Release;
		};
/* End XCConfigurationList section */
	};
	rootObject = AEAAE8FE25F0BEE9007D1FE8 /* Project object */;
}
