// !$*UTF8*$!
{
	archiveVersion = 1;
	classes = {
	};
	objectVersion = 50;
	objects = {

/* Begin PBXBuildFile section */
		AE07FA6525E8EC42006ACEA5 /* AppDelegate.m in Sources */ = {isa = PBXBuildFile; fileRef = AE07FA6425E8EC42006ACEA5 /* AppDelegate.m */; };
		AE07FA6825E8EC42006ACEA5 /* SceneDelegate.m in Sources */ = {isa = PBXBuildFile; fileRef = AE07FA6725E8EC42006ACEA5 /* SceneDelegate.m */; };
		AE07FA6B25E8EC42006ACEA5 /* ViewController.m in Sources */ = {isa = PBXBuildFile; fileRef = AE07FA6A25E8EC42006ACEA5 /* ViewController.m */; };
		AE07FA6E25E8EC42006ACEA5 /* Main.storyboard in Resources */ = {isa = PBXBuildFile; fileRef = AE07FA6C25E8EC42006ACEA5 /* Main.storyboard */; };
		AE07FA7025E8EC44006ACEA5 /* Assets.xcassets in Resources */ = {isa = PBXBuildFile; fileRef = AE07FA6F25E8EC44006ACEA5 /* Assets.xcassets */; };
		AE07FA7325E8EC44006ACEA5 /* LaunchScreen.storyboard in Resources */ = {isa = PBXBuildFile; fileRef = AE07FA7125E8EC44006ACEA5 /* LaunchScreen.storyboard */; };
		AE07FA7625E8EC44006ACEA5 /* main.m in Sources */ = {isa = PBXBuildFile; fileRef = AE07FA7525E8EC44006ACEA5 /* main.m */; };
		AE07FA7F25E8EC53006ACEA5 /* GreenView.m in Sources */ = {isa = PBXBuildFile; fileRef = AE07FA7E25E8EC53006ACEA5 /* GreenView.m */; };
		AE07FA8325E8EC5C006ACEA5 /* RedView.m in Sources */ = {isa = PBXBuildFile; fileRef = AE07FA8225E8EC5C006ACEA5 /* RedView.m */; };
/* End PBXBuildFile section */

/* Begin PBXFileReference section */
		AE07FA6025E8EC42006ACEA5 /* 12-hitTest2.app */ = {isa = PBXFileReference; explicitFileType = wrapper.application; includeInIndex = 0; path = "12-hitTest2.app"; sourceTree = BUILT_PRODUCTS_DIR; };
		AE07FA6325E8EC42006ACEA5 /* AppDelegate.h */ = {isa = PBXFileReference; lastKnownFileType = sourcecode.c.h; path = AppDelegate.h; sourceTree = "<group>"; };
		AE07FA6425E8EC42006ACEA5 /* AppDelegate.m */ = {isa = PBXFileReference; lastKnownFileType = sourcecode.c.objc; path = AppDelegate.m; sourceTree = "<group>"; };
		AE07FA6625E8EC42006ACEA5 /* SceneDelegate.h */ = {isa = PBXFileReference; lastKnownFileType = sourcecode.c.h; path = SceneDelegate.h; sourceTree = "<group>"; };
		AE07FA6725E8EC42006ACEA5 /* SceneDelegate.m */ = {isa = PBXFileReference; lastKnownFileType = sourcecode.c.objc; path = SceneDelegate.m; sourceTree = "<group>"; };
		AE07FA6925E8EC42006ACEA5 /* ViewController.h */ = {isa = PBXFileReference; lastKnownFileType = sourcecode.c.h; path = ViewController.h; sourceTree = "<group>"; };
		AE07FA6A25E8EC42006ACEA5 /* ViewController.m */ = {isa = PBXFileReference; lastKnownFileType = sourcecode.c.objc; path = ViewController.m; sourceTree = "<group>"; };
		AE07FA6D25E8EC42006ACEA5 /* Base */ = {isa = PBXFileReference; lastKnownFileType = file.storyboard; name = Base; path = Base.lproj/Main.storyboard; sourceTree = "<group>"; };
		AE07FA6F25E8EC44006ACEA5 /* Assets.xcassets */ = {isa = PBXFileReference; lastKnownFileType = folder.assetcatalog; path = Assets.xcassets; sourceTree = "<group>"; };
		AE07FA7225E8EC44006ACEA5 /* Base */ = {isa = PBXFileReference; lastKnownFileType = file.storyboard; name = Base; path = Base.lproj/LaunchScreen.storyboard; sourceTree = "<group>"; };
		AE07FA7425E8EC44006ACEA5 /* Info.plist */ = {isa = PBXFileReference; lastKnownFileType = text.plist.xml; path = Info.plist; sourceTree = "<group>"; };
		AE07FA7525E8EC44006ACEA5 /* main.m */ = {isa = PBXFileReference; lastKnownFileType = sourcecode.c.objc; path = main.m; sourceTree = "<group>"; };
		AE07FA7D25E8EC53006ACEA5 /* GreenView.h */ = {isa = PBXFileReference; lastKnownFileType = sourcecode.c.h; path = GreenView.h; sourceTree = "<group>"; };
		AE07FA7E25E8EC53006ACEA5 /* GreenView.m */ = {isa = PBXFileReference; lastKnownFileType = sourcecode.c.objc; path = GreenView.m; sourceTree = "<group>"; };
		AE07FA8125E8EC5C006ACEA5 /* RedView.h */ = {isa = PBXFileReference; lastKnownFileType = sourcecode.c.h; path = RedView.h; sourceTree = "<group>"; };
		AE07FA8225E8EC5C006ACEA5 /* RedView.m */ = {isa = PBXFileReference; lastKnownFileType = sourcecode.c.objc; path = RedView.m; sourceTree = "<group>"; };
/* End PBXFileReference section */

/* Begin PBXFrameworksBuildPhase section */
		AE07FA5D25E8EC42006ACEA5 /* Frameworks */ = {
			isa = PBXFrameworksBuildPhase;
			buildActionMask = 2147483647;
			files = (
			);
			runOnlyForDeploymentPostprocessing = 0;
		};
/* End PBXFrameworksBuildPhase section */

/* Begin PBXGroup section */
		AE07FA5725E8EC42006ACEA5 = {
			isa = PBXGroup;
			children = (
				AE07FA6225E8EC42006ACEA5 /* 12-hitTest2 */,
				AE07FA6125E8EC42006ACEA5 /* Products */,
			);
			sourceTree = "<group>";
		};
		AE07FA6125E8EC42006ACEA5 /* Products */ = {
			isa = PBXGroup;
			children = (
				AE07FA6025E8EC42006ACEA5 /* 12-hitTest2.app */,
			);
			name = Products;
			sourceTree = "<group>";
		};
		AE07FA6225E8EC42006ACEA5 /* 12-hitTest2 */ = {
			isa = PBXGroup;
			children = (
				AE07FA6325E8EC42006ACEA5 /* AppDelegate.h */,
				AE07FA6425E8EC42006ACEA5 /* AppDelegate.m */,
				AE07FA6625E8EC42006ACEA5 /* SceneDelegate.h */,
				AE07FA6725E8EC42006ACEA5 /* SceneDelegate.m */,
				AE07FA6925E8EC42006ACEA5 /* ViewController.h */,
				AE07FA6A25E8EC42006ACEA5 /* ViewController.m */,
				AE07FA6C25E8EC42006ACEA5 /* Main.storyboard */,
				AE07FA6F25E8EC44006ACEA5 /* Assets.xcassets */,
				AE07FA7125E8EC44006ACEA5 /* LaunchScreen.storyboard */,
				AE07FA7425E8EC44006ACEA5 /* Info.plist */,
				AE07FA7525E8EC44006ACEA5 /* main.m */,
				AE07FA7D25E8EC53006ACEA5 /* GreenView.h */,
				AE07FA7E25E8EC53006ACEA5 /* GreenView.m */,
				AE07FA8125E8EC5C006ACEA5 /* RedView.h */,
				AE07FA8225E8EC5C006ACEA5 /* RedView.m */,
			);
			path = "12-hitTest2";
			sourceTree = "<group>";
		};
/* End PBXGroup section */

/* Begin PBXNativeTarget section */
		AE07FA5F25E8EC42006ACEA5 /* 12-hitTest2 */ = {
			isa = PBXNativeTarget;
			buildConfigurationList = AE07FA7925E8EC44006ACEA5 /* Build configuration list for PBXNativeTarget "12-hitTest2" */;
			buildPhases = (
				AE07FA5C25E8EC42006ACEA5 /* Sources */,
				AE07FA5D25E8EC42006ACEA5 /* Frameworks */,
				AE07FA5E25E8EC42006ACEA5 /* Resources */,
			);
			buildRules = (
			);
			dependencies = (
			);
			name = "12-hitTest2";
			productName = "12-hitTest2";
			productReference = AE07FA6025E8EC42006ACEA5 /* 12-hitTest2.app */;
			productType = "com.apple.product-type.application";
		};
/* End PBXNativeTarget section */

/* Begin PBXProject section */
		AE07FA5825E8EC42006ACEA5 /* Project object */ = {
			isa = PBXProject;
			attributes = {
				LastUpgradeCheck = 1200;
				TargetAttributes = {
					AE07FA5F25E8EC42006ACEA5 = {
						CreatedOnToolsVersion = 12.0.1;
					};
				};
			};
			buildConfigurationList = AE07FA5B25E8EC42006ACEA5 /* Build configuration list for PBXProject "12-hitTest2" */;
			compatibilityVersion = "Xcode 9.3";
			developmentRegion = en;
			hasScannedForEncodings = 0;
			knownRegions = (
				en,
				Base,
			);
			mainGroup = AE07FA5725E8EC42006ACEA5;
			productRefGroup = AE07FA6125E8EC42006ACEA5 /* Products */;
			projectDirPath = "";
			projectRoot = "";
			targets = (
				AE07FA5F25E8EC42006ACEA5 /* 12-hitTest2 */,
			);
		};
/* End PBXProject section */

/* Begin PBXResourcesBuildPhase section */
		AE07FA5E25E8EC42006ACEA5 /* Resources */ = {
			isa = PBXResourcesBuildPhase;
			buildActionMask = 2147483647;
			files = (
				AE07FA7325E8EC44006ACEA5 /* LaunchScreen.storyboard in Resources */,
				AE07FA7025E8EC44006ACEA5 /* Assets.xcassets in Resources */,
				AE07FA6E25E8EC42006ACEA5 /* Main.storyboard in Resources */,
			);
			runOnlyForDeploymentPostprocessing = 0;
		};
/* End PBXResourcesBuildPhase section */

/* Begin PBXSourcesBuildPhase section */
		AE07FA5C25E8EC42006ACEA5 /* Sources */ = {
			isa = PBXSourcesBuildPhase;
			buildActionMask = 2147483647;
			files = (
				AE07FA6B25E8EC42006ACEA5 /* ViewController.m in Sources */,
				AE07FA6525E8EC42006ACEA5 /* AppDelegate.m in Sources */,
				AE07FA8325E8EC5C006ACEA5 /* RedView.m in Sources */,
				AE07FA7F25E8EC53006ACEA5 /* GreenView.m in Sources */,
				AE07FA7625E8EC44006ACEA5 /* main.m in Sources */,
				AE07FA6825E8EC42006ACEA5 /* SceneDelegate.m in Sources */,
			);
			runOnlyForDeploymentPostprocessing = 0;
		};
/* End PBXSourcesBuildPhase section */

/* Begin PBXVariantGroup section */
		AE07FA6C25E8EC42006ACEA5 /* Main.storyboard */ = {
			isa = PBXVariantGroup;
			children = (
				AE07FA6D25E8EC42006ACEA5 /* Base */,
			);
			name = Main.storyboard;
			sourceTree = "<group>";
		};
		AE07FA7125E8EC44006ACEA5 /* LaunchScreen.storyboard */ = {
			isa = PBXVariantGroup;
			children = (
				AE07FA7225E8EC44006ACEA5 /* Base */,
			);
			name = LaunchScreen.storyboard;
			sourceTree = "<group>";
		};
/* End PBXVariantGroup section */

/* Begin XCBuildConfiguration section */
		AE07FA7725E8EC44006ACEA5 /* Debug */ = {
			isa = XCBuildConfiguration;
			buildSettings = {
				ALWAYS_SEARCH_USER_PATHS = NO;
				CLANG_ANALYZER_NONNULL = YES;
				CLANG_ANALYZER_NUMBER_OBJECT_CONVERSION = YES_AGGRESSIVE;
				CLANG_CXX_LANGUAGE_STANDARD = "gnu++14";
				CLANG_CXX_LIBRARY = "libc++";
				CLANG_ENABLE_MODULES = YES;
				CLANG_ENABLE_OBJC_ARC = YES;
				CLANG_ENABLE_OBJC_WEAK = YES;
				CLANG_WARN_BLOCK_CAPTURE_AUTORELEASING = YES;
				CLANG_WARN_BOOL_CONVERSION = YES;
				CLANG_WARN_COMMA = YES;
				CLANG_WARN_CONSTANT_CONVERSION = YES;
				CLANG_WARN_DEPRECATED_OBJC_IMPLEMENTATIONS = YES;
				CLANG_WARN_DIRECT_OBJC_ISA_USAGE = YES_ERROR;
				CLANG_WARN_DOCUMENTATION_COMMENTS = YES;
				CLANG_WARN_EMPTY_BODY = YES;
				CLANG_WARN_ENUM_CONVERSION = YES;
				CLANG_WARN_INFINITE_RECURSION = YES;
				CLANG_WARN_INT_CONVERSION = YES;
				CLANG_WARN_NON_LITERAL_NULL_CONVERSION = YES;
				CLANG_WARN_OBJC_IMPLICIT_RETAIN_SELF = YES;
				CLANG_WARN_OBJC_LITERAL_CONVERSION = YES;
				CLANG_WARN_OBJC_ROOT_CLASS = YES_ERROR;
				CLANG_WARN_QUOTED_INCLUDE_IN_FRAMEWORK_HEADER = YES;
				CLANG_WARN_RANGE_LOOP_ANALYSIS = YES;
				CLANG_WARN_STRICT_PROTOTYPES = YES;
				CLANG_WARN_SUSPICIOUS_MOVE = YES;
				CLANG_WARN_UNGUARDED_AVAILABILITY = YES_AGGRESSIVE;
				CLANG_WARN_UNREACHABLE_CODE = YES;
				CLANG_WARN__DUPLICATE_METHOD_MATCH = YES;
				COPY_PHASE_STRIP = NO;
				DEBUG_INFORMATION_FORMAT = dwarf;
				ENABLE_STRICT_OBJC_MSGSEND = YES;
				ENABLE_TESTABILITY = YES;
				GCC_C_LANGUAGE_STANDARD = gnu11;
				GCC_DYNAMIC_NO_PIC = NO;
				GCC_NO_COMMON_BLOCKS = YES;
				GCC_OPTIMIZATION_LEVEL = 0;
				GCC_PREPROCESSOR_DEFINITIONS = (
					"DEBUG=1",
					"$(inherited)",
				);
				GCC_WARN_64_TO_32_BIT_CONVERSION = YES;
				GCC_WARN_ABOUT_RETURN_TYPE = YES_ERROR;
				GCC_WARN_UNDECLARED_SELECTOR = YES;
				GCC_WARN_UNINITIALIZED_AUTOS = YES_AGGRESSIVE;
				GCC_WARN_UNUSED_FUNCTION = YES;
				GCC_WARN_UNUSED_VARIABLE = YES;
				IPHONEOS_DEPLOYMENT_TARGET = 14.0;
				MTL_ENABLE_DEBUG_INFO = INCLUDE_SOURCE;
				MTL_FAST_MATH = YES;
				ONLY_ACTIVE_ARCH = YES;
				SDKROOT = iphoneos;
			};
			name = Debug;
		};
		AE07FA7825E8EC44006ACEA5 /* Release */ = {
			isa = XCBuildConfiguration;
			buildSettings = {
				ALWAYS_SEARCH_USER_PATHS = NO;
				CLANG_ANALYZER_NONNULL = YES;
				CLANG_ANALYZER_NUMBER_OBJECT_CONVERSION = YES_AGGRESSIVE;
				CLANG_CXX_LANGUAGE_STANDARD = "gnu++14";
				CLANG_CXX_LIBRARY = "libc++";
				CLANG_ENABLE_MODULES = YES;
				CLANG_ENABLE_OBJC_ARC = YES;
				CLANG_ENABLE_OBJC_WEAK = YES;
				CLANG_WARN_BLOCK_CAPTURE_AUTORELEASING = YES;
				CLANG_WARN_BOOL_CONVERSION = YES;
				CLANG_WARN_COMMA = YES;
				CLANG_WARN_CONSTANT_CONVERSION = YES;
				CLANG_WARN_DEPRECATED_OBJC_IMPLEMENTATIONS = YES;
				CLANG_WARN_DIRECT_OBJC_ISA_USAGE = YES_ERROR;
				CLANG_WARN_DOCUMENTATION_COMMENTS = YES;
				CLANG_WARN_EMPTY_BODY = YES;
				CLANG_WARN_ENUM_CONVERSION = YES;
				CLANG_WARN_INFINITE_RECURSION = YES;
				CLANG_WARN_INT_CONVERSION = YES;
				CLANG_WARN_NON_LITERAL_NULL_CONVERSION = YES;
				CLANG_WARN_OBJC_IMPLICIT_RETAIN_SELF = YES;
				CLANG_WARN_OBJC_LITERAL_CONVERSION = YES;
				CLANG_WARN_OBJC_ROOT_CLASS = YES_ERROR;
				CLANG_WARN_QUOTED_INCLUDE_IN_FRAMEWORK_HEADER = YES;
				CLANG_WARN_RANGE_LOOP_ANALYSIS = YES;
				CLANG_WARN_STRICT_PROTOTYPES = YES;
				CLANG_WARN_SUSPICIOUS_MOVE = YES;
				CLANG_WARN_UNGUARDED_AVAILABILITY = YES_AGGRESSIVE;
				CLANG_WARN_UNREACHABLE_CODE = YES;
				CLANG_WARN__DUPLICATE_METHOD_MATCH = YES;
				COPY_PHASE_STRIP = NO;
				DEBUG_INFORMATION_FORMAT = "dwarf-with-dsym";
				ENABLE_NS_ASSERTIONS = NO;
				ENABLE_STRICT_OBJC_MSGSEND = YES;
				GCC_C_LANGUAGE_STANDARD = gnu11;
				GCC_NO_COMMON_BLOCKS = YES;
				GCC_WARN_64_TO_32_BIT_CONVERSION = YES;
				GCC_WARN_ABOUT_RETURN_TYPE = YES_ERROR;
				GCC_WARN_UNDECLARED_SELECTOR = YES;
				GCC_WARN_UNINITIALIZED_AUTOS = YES_AGGRESSIVE;
				GCC_WARN_UNUSED_FUNCTION = YES;
				GCC_WARN_UNUSED_VARIABLE = YES;
				IPHONEOS_DEPLOYMENT_TARGET = 14.0;
				MTL_ENABLE_DEBUG_INFO = NO;
				MTL_FAST_MATH = YES;
				SDKROOT = iphoneos;
				VALIDATE_PRODUCT = YES;
			};
			name = Release;
		};
		AE07FA7A25E8EC44006ACEA5 /* Debug */ = {
			isa = XCBuildConfiguration;
			buildSettings = {
				ASSETCATALOG_COMPILER_APPICON_NAME = AppIcon;
				ASSETCATALOG_COMPILER_GLOBAL_ACCENT_COLOR_NAME = AccentColor;
				CODE_SIGN_STYLE = Automatic;
				DEVELOPMENT_TEAM = 573HY9F79B;
				INFOPLIST_FILE = "12-hitTest2/Info.plist";
				LD_RUNPATH_SEARCH_PATHS = (
					"$(inherited)",
					"@executable_path/Frameworks",
				);
				PRODUCT_BUNDLE_IDENTIFIER = "com.kk.-2-hitTest2";
				PRODUCT_NAME = "$(TARGET_NAME)";
				TARGETED_DEVICE_FAMILY = "1,2";
			};
			name = Debug;
		};
		AE07FA7B25E8EC44006ACEA5 /* Release */ = {
			isa = XCBuildConfiguration;
			buildSettings = {
				ASSETCATALOG_COMPILER_APPICON_NAME = AppIcon;
				ASSETCATALOG_COMPILER_GLOBAL_ACCENT_COLOR_NAME = AccentColor;
				CODE_SIGN_STYLE = Automatic;
				DEVELOPMENT_TEAM = 573HY9F79B;
				INFOPLIST_FILE = "12-hitTest2/Info.plist";
				LD_RUNPATH_SEARCH_PATHS = (
					"$(inherited)",
					"@executable_path/Frameworks",
				);
				PRODUCT_BUNDLE_IDENTIFIER = "com.kk.-2-hitTest2";
				PRODUCT_NAME = "$(TARGET_NAME)";
				TARGETED_DEVICE_FAMILY = "1,2";
			};
			name = Release;
		};
/* End XCBuildConfiguration section */

/* Begin XCConfigurationList section */
		AE07FA5B25E8EC42006ACEA5 /* Build configuration list for PBXProject "12-hitTest2" */ = {
			isa = XCConfigurationList;
			buildConfigurations = (
				AE07FA7725E8EC44006ACEA5 /* Debug */,
				AE07FA7825E8EC44006ACEA5 /* Release */,
			);
			defaultConfigurationIsVisible = 0;
			defaultConfigurationName = Release;
		};
		AE07FA7925E8EC44006ACEA5 /* Build configuration list for PBXNativeTarget "12-hitTest2" */ = {
			isa = XCConfigurationList;
			buildConfigurations = (
				AE07FA7A25E8EC44006ACEA5 /* Debug */,
				AE07FA7B25E8EC44006ACEA5 /* Release */,
			);
			defaultConfigurationIsVisible = 0;
			defaultConfigurationName = Release;
		};
/* End XCConfigurationList section */
	};
	rootObject = AE07FA5825E8EC42006ACEA5 /* Project object */;
}
