// !$*UTF8*$!
{
	archiveVersion = 1;
	classes = {
	};
	objectVersion = 50;
	objects = {

/* Begin PBXBuildFile section */
		4B6EF11124AF13A200BCBED0 /* AppDelegate.m in Sources */ = {isa = PBXBuildFile; fileRef = 4B6EF11024AF13A200BCBED0 /* AppDelegate.m */; };
		4B6EF11424AF13A200BCBED0 /* SceneDelegate.m in Sources */ = {isa = PBXBuildFile; fileRef = 4B6EF11324AF13A200BCBED0 /* SceneDelegate.m */; };
		4B6EF11724AF13A200BCBED0 /* ViewController.m in Sources */ = {isa = PBXBuildFile; fileRef = 4B6EF11624AF13A200BCBED0 /* ViewController.m */; };
		4B6EF11A24AF13A200BCBED0 /* Main.storyboard in Resources */ = {isa = PBXBuildFile; fileRef = 4B6EF11824AF13A200BCBED0 /* Main.storyboard */; };
		4B6EF11C24AF13A300BCBED0 /* Assets.xcassets in Resources */ = {isa = PBXBuildFile; fileRef = 4B6EF11B24AF13A300BCBED0 /* Assets.xcassets */; };
		4B6EF11F24AF13A300BCBED0 /* LaunchScreen.storyboard in Resources */ = {isa = PBXBuildFile; fileRef = 4B6EF11D24AF13A300BCBED0 /* LaunchScreen.storyboard */; };
		4B6EF12224AF13A300BCBED0 /* main.m in Sources */ = {isa = PBXBuildFile; fileRef = 4B6EF12124AF13A300BCBED0 /* main.m */; };
		4B6EF12A24AF1BC200BCBED0 /* JJOperation1.m in Sources */ = {isa = PBXBuildFile; fileRef = 4B6EF12924AF1BC200BCBED0 /* JJOperation1.m */; };
/* End PBXBuildFile section */

/* Begin PBXFileReference section */
		4B6EF10C24AF13A200BCBED0 /* 6-NSOperation.app */ = {isa = PBXFileReference; explicitFileType = wrapper.application; includeInIndex = 0; path = "6-NSOperation.app"; sourceTree = BUILT_PRODUCTS_DIR; };
		4B6EF10F24AF13A200BCBED0 /* AppDelegate.h */ = {isa = PBXFileReference; lastKnownFileType = sourcecode.c.h; path = AppDelegate.h; sourceTree = "<group>"; };
		4B6EF11024AF13A200BCBED0 /* AppDelegate.m */ = {isa = PBXFileReference; lastKnownFileType = sourcecode.c.objc; path = AppDelegate.m; sourceTree = "<group>"; };
		4B6EF11224AF13A200BCBED0 /* SceneDelegate.h */ = {isa = PBXFileReference; lastKnownFileType = sourcecode.c.h; path = SceneDelegate.h; sourceTree = "<group>"; };
		4B6EF11324AF13A200BCBED0 /* SceneDelegate.m */ = {isa = PBXFileReference; lastKnownFileType = sourcecode.c.objc; path = SceneDelegate.m; sourceTree = "<group>"; };
		4B6EF11524AF13A200BCBED0 /* ViewController.h */ = {isa = PBXFileReference; lastKnownFileType = sourcecode.c.h; path = ViewController.h; sourceTree = "<group>"; };
		4B6EF11624AF13A200BCBED0 /* ViewController.m */ = {isa = PBXFileReference; lastKnownFileType = sourcecode.c.objc; path = ViewController.m; sourceTree = "<group>"; };
		4B6EF11924AF13A200BCBED0 /* Base */ = {isa = PBXFileReference; lastKnownFileType = file.storyboard; name = Base; path = Base.lproj/Main.storyboard; sourceTree = "<group>"; };
		4B6EF11B24AF13A300BCBED0 /* Assets.xcassets */ = {isa = PBXFileReference; lastKnownFileType = folder.assetcatalog; path = Assets.xcassets; sourceTree = "<group>"; };
		4B6EF11E24AF13A300BCBED0 /* Base */ = {isa = PBXFileReference; lastKnownFileType = file.storyboard; name = Base; path = Base.lproj/LaunchScreen.storyboard; sourceTree = "<group>"; };
		4B6EF12024AF13A300BCBED0 /* Info.plist */ = {isa = PBXFileReference; lastKnownFileType = text.plist.xml; path = Info.plist; sourceTree = "<group>"; };
		4B6EF12124AF13A300BCBED0 /* main.m */ = {isa = PBXFileReference; lastKnownFileType = sourcecode.c.objc; path = main.m; sourceTree = "<group>"; };
		4B6EF12824AF1BC200BCBED0 /* JJOperation1.h */ = {isa = PBXFileReference; lastKnownFileType = sourcecode.c.h; path = JJOperation1.h; sourceTree = "<group>"; };
		4B6EF12924AF1BC200BCBED0 /* JJOperation1.m */ = {isa = PBXFileReference; lastKnownFileType = sourcecode.c.objc; path = JJOperation1.m; sourceTree = "<group>"; };
/* End PBXFileReference section */

/* Begin PBXFrameworksBuildPhase section */
		4B6EF10924AF13A200BCBED0 /* Frameworks */ = {
			isa = PBXFrameworksBuildPhase;
			buildActionMask = 2147483647;
			files = (
			);
			runOnlyForDeploymentPostprocessing = 0;
		};
/* End PBXFrameworksBuildPhase section */

/* Begin PBXGroup section */
		4B6EF10324AF13A200BCBED0 = {
			isa = PBXGroup;
			children = (
				4B6EF10E24AF13A200BCBED0 /* 6-NSOperation */,
				4B6EF10D24AF13A200BCBED0 /* Products */,
			);
			sourceTree = "<group>";
		};
		4B6EF10D24AF13A200BCBED0 /* Products */ = {
			isa = PBXGroup;
			children = (
				4B6EF10C24AF13A200BCBED0 /* 6-NSOperation.app */,
			);
			name = Products;
			sourceTree = "<group>";
		};
		4B6EF10E24AF13A200BCBED0 /* 6-NSOperation */ = {
			isa = PBXGroup;
			children = (
				4B6EF10F24AF13A200BCBED0 /* AppDelegate.h */,
				4B6EF11024AF13A200BCBED0 /* AppDelegate.m */,
				4B6EF11224AF13A200BCBED0 /* SceneDelegate.h */,
				4B6EF11324AF13A200BCBED0 /* SceneDelegate.m */,
				4B6EF11524AF13A200BCBED0 /* ViewController.h */,
				4B6EF11624AF13A200BCBED0 /* ViewController.m */,
				4B6EF11824AF13A200BCBED0 /* Main.storyboard */,
				4B6EF11B24AF13A300BCBED0 /* Assets.xcassets */,
				4B6EF11D24AF13A300BCBED0 /* LaunchScreen.storyboard */,
				4B6EF12024AF13A300BCBED0 /* Info.plist */,
				4B6EF12124AF13A300BCBED0 /* main.m */,
				4B6EF12824AF1BC200BCBED0 /* JJOperation1.h */,
				4B6EF12924AF1BC200BCBED0 /* JJOperation1.m */,
			);
			path = "6-NSOperation";
			sourceTree = "<group>";
		};
/* End PBXGroup section */

/* Begin PBXNativeTarget section */
		4B6EF10B24AF13A200BCBED0 /* 6-NSOperation */ = {
			isa = PBXNativeTarget;
			buildConfigurationList = 4B6EF12524AF13A300BCBED0 /* Build configuration list for PBXNativeTarget "6-NSOperation" */;
			buildPhases = (
				4B6EF10824AF13A200BCBED0 /* Sources */,
				4B6EF10924AF13A200BCBED0 /* Frameworks */,
				4B6EF10A24AF13A200BCBED0 /* Resources */,
			);
			buildRules = (
			);
			dependencies = (
			);
			name = "6-NSOperation";
			productName = "6-NSOperation";
			productReference = 4B6EF10C24AF13A200BCBED0 /* 6-NSOperation.app */;
			productType = "com.apple.product-type.application";
		};
/* End PBXNativeTarget section */

/* Begin PBXProject section */
		4B6EF10424AF13A200BCBED0 /* Project object */ = {
			isa = PBXProject;
			attributes = {
				LastUpgradeCheck = 1150;
				ORGANIZATIONNAME = "金角大王";
				TargetAttributes = {
					4B6EF10B24AF13A200BCBED0 = {
						CreatedOnToolsVersion = 11.5;
					};
				};
			};
			buildConfigurationList = 4B6EF10724AF13A200BCBED0 /* Build configuration list for PBXProject "6-NSOperation" */;
			compatibilityVersion = "Xcode 9.3";
			developmentRegion = en;
			hasScannedForEncodings = 0;
			knownRegions = (
				en,
				Base,
			);
			mainGroup = 4B6EF10324AF13A200BCBED0;
			productRefGroup = 4B6EF10D24AF13A200BCBED0 /* Products */;
			projectDirPath = "";
			projectRoot = "";
			targets = (
				4B6EF10B24AF13A200BCBED0 /* 6-NSOperation */,
			);
		};
/* End PBXProject section */

/* Begin PBXResourcesBuildPhase section */
		4B6EF10A24AF13A200BCBED0 /* Resources */ = {
			isa = PBXResourcesBuildPhase;
			buildActionMask = 2147483647;
			files = (
				4B6EF11F24AF13A300BCBED0 /* LaunchScreen.storyboard in Resources */,
				4B6EF11C24AF13A300BCBED0 /* Assets.xcassets in Resources */,
				4B6EF11A24AF13A200BCBED0 /* Main.storyboard in Resources */,
			);
			runOnlyForDeploymentPostprocessing = 0;
		};
/* End PBXResourcesBuildPhase section */

/* Begin PBXSourcesBuildPhase section */
		4B6EF10824AF13A200BCBED0 /* Sources */ = {
			isa = PBXSourcesBuildPhase;
			buildActionMask = 2147483647;
			files = (
				4B6EF12A24AF1BC200BCBED0 /* JJOperation1.m in Sources */,
				4B6EF11724AF13A200BCBED0 /* ViewController.m in Sources */,
				4B6EF11124AF13A200BCBED0 /* AppDelegate.m in Sources */,
				4B6EF12224AF13A300BCBED0 /* main.m in Sources */,
				4B6EF11424AF13A200BCBED0 /* SceneDelegate.m in Sources */,
			);
			runOnlyForDeploymentPostprocessing = 0;
		};
/* End PBXSourcesBuildPhase section */

/* Begin PBXVariantGroup section */
		4B6EF11824AF13A200BCBED0 /* Main.storyboard */ = {
			isa = PBXVariantGroup;
			children = (
				4B6EF11924AF13A200BCBED0 /* Base */,
			);
			name = Main.storyboard;
			sourceTree = "<group>";
		};
		4B6EF11D24AF13A300BCBED0 /* LaunchScreen.storyboard */ = {
			isa = PBXVariantGroup;
			children = (
				4B6EF11E24AF13A300BCBED0 /* Base */,
			);
			name = LaunchScreen.storyboard;
			sourceTree = "<group>";
		};
/* End PBXVariantGroup section */

/* Begin XCBuildConfiguration section */
		4B6EF12324AF13A300BCBED0 /* Debug */ = {
			isa = XCBuildConfiguration;
			buildSettings = {
				ALWAYS_SEARCH_USER_PATHS = NO;
				CLANG_ANALYZER_NONNULL = YES;
				CLANG_ANALYZER_NUMBER_OBJECT_CONVERSION = YES_AGGRESSIVE;
				CLANG_CXX_LANGUAGE_STANDARD = "gnu++14";
				CLANG_CXX_LIBRARY = "libc++";
				CLANG_ENABLE_MODULES = YES;
				CLANG_ENABLE_OBJC_ARC = YES;
				CLANG_ENABLE_OBJC_WEAK = YES;
				CLANG_WARN_BLOCK_CAPTURE_AUTORELEASING = YES;
				CLANG_WARN_BOOL_CONVERSION = YES;
				CLANG_WARN_COMMA = YES;
				CLANG_WARN_CONSTANT_CONVERSION = YES;
				CLANG_WARN_DEPRECATED_OBJC_IMPLEMENTATIONS = YES;
				CLANG_WARN_DIRECT_OBJC_ISA_USAGE = YES_ERROR;
				CLANG_WARN_DOCUMENTATION_COMMENTS = YES;
				CLANG_WARN_EMPTY_BODY = YES;
				CLANG_WARN_ENUM_CONVERSION = YES;
				CLANG_WARN_INFINITE_RECURSION = YES;
				CLANG_WARN_INT_CONVERSION = YES;
				CLANG_WARN_NON_LITERAL_NULL_CONVERSION = YES;
				CLANG_WARN_OBJC_IMPLICIT_RETAIN_SELF = YES;
				CLANG_WARN_OBJC_LITERAL_CONVERSION = YES;
				CLANG_WARN_OBJC_ROOT_CLASS = YES_ERROR;
				CLANG_WARN_RANGE_LOOP_ANALYSIS = YES;
				CLANG_WARN_STRICT_PROTOTYPES = YES;
				CLANG_WARN_SUSPICIOUS_MOVE = YES;
				CLANG_WARN_UNGUARDED_AVAILABILITY = YES_AGGRESSIVE;
				CLANG_WARN_UNREACHABLE_CODE = YES;
				CLANG_WARN__DUPLICATE_METHOD_MATCH = YES;
				COPY_PHASE_STRIP = NO;
				DEBUG_INFORMATION_FORMAT = dwarf;
				ENABLE_STRICT_OBJC_MSGSEND = YES;
				ENABLE_TESTABILITY = YES;
				GCC_C_LANGUAGE_STANDARD = gnu11;
				GCC_DYNAMIC_NO_PIC = NO;
				GCC_NO_COMMON_BLOCKS = YES;
				GCC_OPTIMIZATION_LEVEL = 0;
				GCC_PREPROCESSOR_DEFINITIONS = (
					"DEBUG=1",
					"$(inherited)",
				);
				GCC_WARN_64_TO_32_BIT_CONVERSION = YES;
				GCC_WARN_ABOUT_RETURN_TYPE = YES_ERROR;
				GCC_WARN_UNDECLARED_SELECTOR = YES;
				GCC_WARN_UNINITIALIZED_AUTOS = YES_AGGRESSIVE;
				GCC_WARN_UNUSED_FUNCTION = YES;
				GCC_WARN_UNUSED_VARIABLE = YES;
				IPHONEOS_DEPLOYMENT_TARGET = 13.5;
				MTL_ENABLE_DEBUG_INFO = INCLUDE_SOURCE;
				MTL_FAST_MATH = YES;
				ONLY_ACTIVE_ARCH = YES;
				SDKROOT = iphoneos;
			};
			name = Debug;
		};
		4B6EF12424AF13A300BCBED0 /* Release */ = {
			isa = XCBuildConfiguration;
			buildSettings = {
				ALWAYS_SEARCH_USER_PATHS = NO;
				CLANG_ANALYZER_NONNULL = YES;
				CLANG_ANALYZER_NUMBER_OBJECT_CONVERSION = YES_AGGRESSIVE;
				CLANG_CXX_LANGUAGE_STANDARD = "gnu++14";
				CLANG_CXX_LIBRARY = "libc++";
				CLANG_ENABLE_MODULES = YES;
				CLANG_ENABLE_OBJC_ARC = YES;
				CLANG_ENABLE_OBJC_WEAK = YES;
				CLANG_WARN_BLOCK_CAPTURE_AUTORELEASING = YES;
				CLANG_WARN_BOOL_CONVERSION = YES;
				CLANG_WARN_COMMA = YES;
				CLANG_WARN_CONSTANT_CONVERSION = YES;
				CLANG_WARN_DEPRECATED_OBJC_IMPLEMENTATIONS = YES;
				CLANG_WARN_DIRECT_OBJC_ISA_USAGE = YES_ERROR;
				CLANG_WARN_DOCUMENTATION_COMMENTS = YES;
				CLANG_WARN_EMPTY_BODY = YES;
				CLANG_WARN_ENUM_CONVERSION = YES;
				CLANG_WARN_INFINITE_RECURSION = YES;
				CLANG_WARN_INT_CONVERSION = YES;
				CLANG_WARN_NON_LITERAL_NULL_CONVERSION = YES;
				CLANG_WARN_OBJC_IMPLICIT_RETAIN_SELF = YES;
				CLANG_WARN_OBJC_LITERAL_CONVERSION = YES;
				CLANG_WARN_OBJC_ROOT_CLASS = YES_ERROR;
				CLANG_WARN_RANGE_LOOP_ANALYSIS = YES;
				CLANG_WARN_STRICT_PROTOTYPES = YES;
				CLANG_WARN_SUSPICIOUS_MOVE = YES;
				CLANG_WARN_UNGUARDED_AVAILABILITY = YES_AGGRESSIVE;
				CLANG_WARN_UNREACHABLE_CODE = YES;
				CLANG_WARN__DUPLICATE_METHOD_MATCH = YES;
				COPY_PHASE_STRIP = NO;
				DEBUG_INFORMATION_FORMAT = "dwarf-with-dsym";
				ENABLE_NS_ASSERTIONS = NO;
				ENABLE_STRICT_OBJC_MSGSEND = YES;
				GCC_C_LANGUAGE_STANDARD = gnu11;
				GCC_NO_COMMON_BLOCKS = YES;
				GCC_WARN_64_TO_32_BIT_CONVERSION = YES;
				GCC_WARN_ABOUT_RETURN_TYPE = YES_ERROR;
				GCC_WARN_UNDECLARED_SELECTOR = YES;
				GCC_WARN_UNINITIALIZED_AUTOS = YES_AGGRESSIVE;
				GCC_WARN_UNUSED_FUNCTION = YES;
				GCC_WARN_UNUSED_VARIABLE = YES;
				IPHONEOS_DEPLOYMENT_TARGET = 13.5;
				MTL_ENABLE_DEBUG_INFO = NO;
				MTL_FAST_MATH = YES;
				SDKROOT = iphoneos;
				VALIDATE_PRODUCT = YES;
			};
			name = Release;
		};
		4B6EF12624AF13A300BCBED0 /* Debug */ = {
			isa = XCBuildConfiguration;
			buildSettings = {
				ASSETCATALOG_COMPILER_APPICON_NAME = AppIcon;
				CODE_SIGN_STYLE = Automatic;
				DEVELOPMENT_TEAM = 573HY9F79B;
				INFOPLIST_FILE = "6-NSOperation/Info.plist";
				LD_RUNPATH_SEARCH_PATHS = (
					"$(inherited)",
					"@executable_path/Frameworks",
				);
				PRODUCT_BUNDLE_IDENTIFIER = "com.kk.--NSOperation";
				PRODUCT_NAME = "$(TARGET_NAME)";
				TARGETED_DEVICE_FAMILY = "1,2";
			};
			name = Debug;
		};
		4B6EF12724AF13A300BCBED0 /* Release */ = {
			isa = XCBuildConfiguration;
			buildSettings = {
				ASSETCATALOG_COMPILER_APPICON_NAME = AppIcon;
				CODE_SIGN_STYLE = Automatic;
				DEVELOPMENT_TEAM = 573HY9F79B;
				INFOPLIST_FILE = "6-NSOperation/Info.plist";
				LD_RUNPATH_SEARCH_PATHS = (
					"$(inherited)",
					"@executable_path/Frameworks",
				);
				PRODUCT_BUNDLE_IDENTIFIER = "com.kk.--NSOperation";
				PRODUCT_NAME = "$(TARGET_NAME)";
				TARGETED_DEVICE_FAMILY = "1,2";
			};
			name = Release;
		};
/* End XCBuildConfiguration section */

/* Begin XCConfigurationList section */
		4B6EF10724AF13A200BCBED0 /* Build configuration list for PBXProject "6-NSOperation" */ = {
			isa = XCConfigurationList;
			buildConfigurations = (
				4B6EF12324AF13A300BCBED0 /* Debug */,
				4B6EF12424AF13A300BCBED0 /* Release */,
			);
			defaultConfigurationIsVisible = 0;
			defaultConfigurationName = Release;
		};
		4B6EF12524AF13A300BCBED0 /* Build configuration list for PBXNativeTarget "6-NSOperation" */ = {
			isa = XCConfigurationList;
			buildConfigurations = (
				4B6EF12624AF13A300BCBED0 /* Debug */,
				4B6EF12724AF13A300BCBED0 /* Release */,
			);
			defaultConfigurationIsVisible = 0;
			defaultConfigurationName = Release;
		};
/* End XCConfigurationList section */
	};
	rootObject = 4B6EF10424AF13A200BCBED0 /* Project object */;
}
